{
  "version": 4,
  "terraform_version": "1.5.3",
  "serial": 137,
  "lineage": "7ff7b490-767b-2bc1-2e3c-647e83e46449",
  "outputs": {},
  "resources": [
    {
      "mode": "managed",
      "type": "cloudflare_argo",
      "name": "terraform_managed_resource_smart_routing",
      "provider": "provider[\"registry.terraform.io/cloudflare/cloudflare\"]",
      "instances": [
        {
          "schema_version": 0,
          "attributes": {
            "id": "93b408bdefa565f257e5c81a455adb49",
            "smart_routing": "off",
            "tiered_caching": "on",
            "zone_id": "b8b8985303e1be08c2fa2c2c45e1ff17"
          },
          "sensitive_attributes": [],
          "private": "bnVsbA=="
        }
      ]
    },
    {
      "mode": "managed",
      "type": "cloudflare_filter",
      "name": "terraform_managed_resource_0934271226a64a9aad43631efbceb825",
      "provider": "provider[\"registry.terraform.io/cloudflare/cloudflare\"]",
      "instances": [
        {
          "schema_version": 0,
          "attributes": {
            "description": "",
            "expression": "(ip.src in {0.0.0.0/0 ::/0})",
            "id": "3dc726f8e45946d3b6da05b8d84934bd",
            "paused": false,
            "ref": "",
            "zone_id": "b8b8985303e1be08c2fa2c2c45e1ff17"
          },
          "sensitive_attributes": [],
          "private": "bnVsbA=="
        }
      ]
    },
    {
      "mode": "managed",
      "type": "cloudflare_filter",
      "name": "terraform_managed_resource_09ac9a11052e46ffa78dfa6fa1082c7c",
      "provider": "provider[\"registry.terraform.io/cloudflare/cloudflare\"]",
      "instances": [
        {
          "schema_version": 0,
          "attributes": {
            "description": "",
            "expression": "(ip.src in $epam_ips)",
            "id": "6e3643c915904218a30a5e3a90dbe0b7",
            "paused": false,
            "ref": "",
            "zone_id": "b8b8985303e1be08c2fa2c2c45e1ff17"
          },
          "sensitive_attributes": [],
          "private": "bnVsbA=="
        }
      ]
    },
    {
      "mode": "managed",
      "type": "cloudflare_filter",
      "name": "terraform_managed_resource_3db10172aab84167abece3aaf553b932",
      "provider": "provider[\"registry.terraform.io/cloudflare/cloudflare\"]",
      "instances": [
        {
          "schema_version": 0,
          "attributes": {
            "description": "",
            "expression": "(ip.src in $zscaler_not_azure)",
            "id": "9eab3b2501e94edb800c909c0f02beb1",
            "paused": false,
            "ref": "",
            "zone_id": "b8b8985303e1be08c2fa2c2c45e1ff17"
          },
          "sensitive_attributes": [],
          "private": "bnVsbA=="
        }
      ]
    },
    {
      "mode": "managed",
      "type": "cloudflare_filter",
      "name": "terraform_managed_resource_43f794889f8d4f2395651e4e9030ccdc",
      "provider": "provider[\"registry.terraform.io/cloudflare/cloudflare\"]",
      "instances": [
        {
          "schema_version": 0,
          "attributes": {
            "description": "",
            "expression": "(ip.src in $stripe_ips)",
            "id": "86c2505f0aed4b87bbde730119730591",
            "paused": false,
            "ref": "",
            "zone_id": "b8b8985303e1be08c2fa2c2c45e1ff17"
          },
          "sensitive_attributes": [],
          "private": "bnVsbA=="
        }
      ]
    },
    {
      "mode": "managed",
      "type": "cloudflare_filter",
      "name": "terraform_managed_resource_6b448a015e8040248395963a3c036c31",
      "provider": "provider[\"registry.terraform.io/cloudflare/cloudflare\"]",
      "instances": [
        {
          "schema_version": 0,
          "attributes": {
            "description": "",
            "expression": "(http.user_agent eq \"Mozilla/5.0 (compatible; R2D2-FindLaw-Bot/1.0.0; +https://www.findlaw.com/findlawbot.html)\") or (http.user_agent eq \"Mozilla/5.0 (compatible; AdServer-FindLaw-Bot/1.0.0; +https://www.findlaw.com/findlawbot.html)\") or (http.user_agent eq \"Mozilla/5.0 (compatible; Insight-FindLaw-Bot/1.0.0; +https://www.findlaw.com/findlawbot.html)\") or (http.user_agent eq \"Mozilla/5.0 (compatible; PU-FindLaw-Bot/1.0.0; +https://www.findlaw.com/findlawbot.html)\") or (http.user_agent eq \"Mozilla/5.0 (compatible; ReputationAPI-FindLaw-Bot/1.0.0; +https://www.findlaw.com/findlawbot.html)\") or (http.user_agent eq \"Mozilla/5.0 (compatible; RatingsAPI-FindLaw-Bot/1.0.0; +https://www.findlaw.com/findlawbot.html)\") or (http.user_agent eq \"Mozilla/5.0 (compatible; PPU-FindLaw-Bot/1.0.0; +https://www.findlaw.com/findlawbot.html)\") or (http.user_agent eq \"Mozilla/5.0 (compatible; IPU-FindLaw-Bot/1.0.0; +https://www.findlaw.com/findlawbot.html)\") or (http.user_agent eq \"Mozilla/5.0 (compatible; FLLD-FindLaw-Bot/1.0.0; +https://www.findlaw.com/findlawbot.html)\") or (http.user_agent eq \"Mozilla/5.0 (compatible; SearchAPI-FindLaw-Bot/1.0.0; +https://www.findlaw.com/findlawbot.html)\") or (http.user_agent eq \"Mozilla/5.0 (compatible; ProfileLambda-FindLaw-Bot/1.0.0; +https://www.findlaw.com/findlawbot.html)\") or (http.user_agent eq \"Mozilla/5.0 (compatible; AudienceAds-FindLaw-Bot/1.0.0; +https://www.findlaw.com/findlawbot.html)\") or (http.user_agent eq \"Mozilla/5.0 (compatible; SmokeTests-FindLaw-Bot/1.0.0; +https://www.findlaw.com/findlawbot.html)\") or (http.user_agent eq \"Mozilla/5.0 (compatible; AdsMgmtProfileLambda-FindLaw-Bot/1.0.0; +https://www.findlaw.com/findlawbot.html)\") or (http.user_agent eq \"Mozilla/5.0 (compatible; NuevoCerdo-FindLaw-Bot/1.0.0; +https://www.findlaw.com/findlawbot.html)\") or (http.user_agent eq \"Mozilla/5.0 (compatible; FLFE-Testing-Bot/1.0.0; +https://www.findlaw.com/findlawbot.html)\") or (http.user_agent eq \"Mozilla/5.0 (compatible; FLFE-Critical-Styles-Bot/1.0.0; +https://www.findlaw.com/findlawbot.html)\")",
            "id": "cc175cf6fb7e4b4fba4f9d7cc003e756",
            "paused": false,
            "ref": "",
            "zone_id": "b8b8985303e1be08c2fa2c2c45e1ff17"
          },
          "sensitive_attributes": [],
          "private": "bnVsbA=="
        }
      ]
    },
    {
      "mode": "managed",
      "type": "cloudflare_filter",
      "name": "terraform_managed_resource_90bacf4e2bf34c8d98ae88655adfdc8b",
      "provider": "provider[\"registry.terraform.io/cloudflare/cloudflare\"]",
      "instances": [
        {
          "schema_version": 0,
          "attributes": {
            "description": "",
            "expression": "(ip.src in $browser_stack) or (ip.src in $browserstack_ips)",
            "id": "e5053b8fba404aa18026a690007b80ed",
            "paused": false,
            "ref": "",
            "zone_id": "b8b8985303e1be08c2fa2c2c45e1ff17"
          },
          "sensitive_attributes": [],
          "private": "bnVsbA=="
        }
      ]
    },
    {
      "mode": "managed",
      "type": "cloudflare_filter",
      "name": "terraform_managed_resource_91a9c5cc42704916a91baae888270d16",
      "provider": "provider[\"registry.terraform.io/cloudflare/cloudflare\"]",
      "instances": [
        {
          "schema_version": 0,
          "attributes": {
            "description": "",
            "expression": "(ip.src eq 52.6.240.133)",
            "id": "8ca5cdf71df24ae4930350bb5f7293a7",
            "paused": false,
            "ref": "",
            "zone_id": "b8b8985303e1be08c2fa2c2c45e1ff17"
          },
          "sensitive_attributes": [],
          "private": "bnVsbA=="
        }
      ]
    },
    {
      "mode": "managed",
      "type": "cloudflare_filter",
      "name": "terraform_managed_resource_9cbf673a3b1440a6aa3dcf30dc4383c0",
      "provider": "provider[\"registry.terraform.io/cloudflare/cloudflare\"]",
      "instances": [
        {
          "schema_version": 0,
          "attributes": {
            "description": "",
            "expression": "(http.request.uri.query eq \"bypass_firewall=true\")",
            "id": "f18d400d2d7a453a826fe6a3d66ef563",
            "paused": false,
            "ref": "",
            "zone_id": "b8b8985303e1be08c2fa2c2c45e1ff17"
          },
          "sensitive_attributes": [],
          "private": "bnVsbA=="
        }
      ]
    },
    {
      "mode": "managed",
      "type": "cloudflare_filter",
      "name": "terraform_managed_resource_9eefe05e6efe4bb4b51dee0dd960081e",
      "provider": "provider[\"registry.terraform.io/cloudflare/cloudflare\"]",
      "instances": [
        {
          "schema_version": 0,
          "attributes": {
            "description": "",
            "expression": "(ip.src in {34.196.205.3 52.73.128.139 3.210.227.115})",
            "id": "5380bab1f47342f787d9cd4dffeac4e0",
            "paused": false,
            "ref": "",
            "zone_id": "b8b8985303e1be08c2fa2c2c45e1ff17"
          },
          "sensitive_attributes": [],
          "private": "bnVsbA=="
        }
      ]
    },
    {
      "mode": "managed",
      "type": "cloudflare_filter",
      "name": "terraform_managed_resource_b7dc81e783db4d9da68908953bb701f3",
      "provider": "provider[\"registry.terraform.io/cloudflare/cloudflare\"]",
      "instances": [
        {
          "schema_version": 0,
          "attributes": {
            "description": "",
            "expression": "(http.host eq \"wp.findlaw-cloud-dev.com\" and not ip.src in $cloudflare_ips)",
            "id": "653e95b1124c4e2cb581d037c2669fc6",
            "paused": false,
            "ref": "",
            "zone_id": "b8b8985303e1be08c2fa2c2c45e1ff17"
          },
          "sensitive_attributes": [],
          "private": "bnVsbA=="
        }
      ]
    },
    {
      "mode": "managed",
      "type": "cloudflare_filter",
      "name": "terraform_managed_resource_bc72180f75c14633bc0f9f9679171f3b",
      "provider": "provider[\"registry.terraform.io/cloudflare/cloudflare\"]",
      "instances": [
        {
          "schema_version": 0,
          "attributes": {
            "description": "",
            "expression": "(http.user_agent eq \"Datadog/Synthetics\")",
            "id": "681850d8c4df4fa8a453fb53cb444f90",
            "paused": false,
            "ref": "",
            "zone_id": "b8b8985303e1be08c2fa2c2c45e1ff17"
          },
          "sensitive_attributes": [],
          "private": "bnVsbA=="
        }
      ]
    },
    {
      "mode": "managed",
      "type": "cloudflare_filter",
      "name": "terraform_managed_resource_c36d0d6b54964319a06108c92f7122e5",
      "provider": "provider[\"registry.terraform.io/cloudflare/cloudflare\"]",
      "instances": [
        {
          "schema_version": 0,
          "attributes": {
            "description": "",
            "expression": "(http.user_agent contains \"PTST\")",
            "id": "5878478572a14733be6f78b5a79fca7d",
            "paused": false,
            "ref": "",
            "zone_id": "b8b8985303e1be08c2fa2c2c45e1ff17"
          },
          "sensitive_attributes": [],
          "private": "bnVsbA=="
        }
      ]
    },
    {
      "mode": "managed",
      "type": "cloudflare_filter",
      "name": "terraform_managed_resource_c9450198d2b141e7ac9cc738eab0e88d",
      "provider": "provider[\"registry.terraform.io/cloudflare/cloudflare\"]",
      "instances": [
        {
          "schema_version": 0,
          "attributes": {
            "description": "",
            "expression": "(ip.src in $tr_internal_ips)",
            "id": "16ac31458ad94c55aa9a752fe8bd320b",
            "paused": false,
            "ref": "",
            "zone_id": "b8b8985303e1be08c2fa2c2c45e1ff17"
          },
          "sensitive_attributes": [],
          "private": "bnVsbA=="
        }
      ]
    },
    {
      "mode": "managed",
      "type": "cloudflare_filter",
      "name": "terraform_managed_resource_cc206901b8664f9c99fbe5ae85547514",
      "provider": "provider[\"registry.terraform.io/cloudflare/cloudflare\"]",
      "instances": [
        {
          "schema_version": 0,
          "attributes": {
            "description": "",
            "expression": "(ip.src in $observe_point)",
            "id": "244de81ce4e842afa9951e9080842c98",
            "paused": false,
            "ref": "",
            "zone_id": "b8b8985303e1be08c2fa2c2c45e1ff17"
          },
          "sensitive_attributes": [],
          "private": "bnVsbA=="
        }
      ]
    },
    {
      "mode": "managed",
      "type": "cloudflare_filter",
      "name": "terraform_managed_resource_e6e6096b3f624819a76ab308509c61a7",
      "provider": "provider[\"registry.terraform.io/cloudflare/cloudflare\"]",
      "instances": [
        {
          "schema_version": 0,
          "attributes": {
            "description": "",
            "expression": "(ip.src in $cloudflare_ips) or (http.referer contains \"cloudflare\")",
            "id": "df63f06606934b299de94a796b20f084",
            "paused": false,
            "ref": "",
            "zone_id": "b8b8985303e1be08c2fa2c2c45e1ff17"
          },
          "sensitive_attributes": [],
          "private": "bnVsbA=="
        }
      ]
    },
    {
      "mode": "managed",
      "type": "cloudflare_filter",
      "name": "terraform_managed_resource_f5575af5e2fa483eb67192d2d1c6f34a",
      "provider": "provider[\"registry.terraform.io/cloudflare/cloudflare\"]",
      "instances": [
        {
          "schema_version": 0,
          "attributes": {
            "description": "",
            "expression": "(ip.src in $zscaler_azure)",
            "id": "db2f7f8f32a64f19a11d9655a8a49a82",
            "paused": false,
            "ref": "",
            "zone_id": "b8b8985303e1be08c2fa2c2c45e1ff17"
          },
          "sensitive_attributes": [],
          "private": "bnVsbA=="
        }
      ]
    },
    {
      "mode": "managed",
      "type": "cloudflare_filter",
      "name": "terraform_managed_resource_fc8fa07b1dda4c9db4dfbca6624716da",
      "provider": "provider[\"registry.terraform.io/cloudflare/cloudflare\"]",
      "instances": [
        {
          "schema_version": 0,
          "attributes": {
            "description": "",
            "expression": "(ip.src in $aws_ips)",
            "id": "a23dffd055234960b8599c1cfaa73807",
            "paused": false,
            "ref": "",
            "zone_id": "b8b8985303e1be08c2fa2c2c45e1ff17"
          },
          "sensitive_attributes": [],
          "private": "bnVsbA=="
        }
      ]
    },
    {
      "mode": "managed",
      "type": "cloudflare_firewall_rule",
      "name": "terraform_managed_resource_06899f656e884fd78d7afa6965a2ff13",
      "provider": "provider[\"registry.terraform.io/cloudflare/cloudflare\"]",
      "instances": [
        {
          "schema_version": 0,
          "attributes": {
            "action": "allow",
            "description": "Allow Stripe",
            "filter_id": "86c2505f0aed4b87bbde730119730591",
            "id": "d3280e2148f944eb84b7226986af6f5f",
            "paused": false,
            "priority": 0,
            "products": null,
            "zone_id": "b8b8985303e1be08c2fa2c2c45e1ff17"
          },
          "sensitive_attributes": [],
          "private": "bnVsbA==",
          "dependencies": [
            "cloudflare_filter.terraform_managed_resource_43f794889f8d4f2395651e4e9030ccdc"
          ]
        }
      ]
    },
    {
      "mode": "managed",
      "type": "cloudflare_firewall_rule",
      "name": "terraform_managed_resource_3316c2f08b824da6a11ce524d7e30eba",
      "provider": "provider[\"registry.terraform.io/cloudflare/cloudflare\"]",
      "instances": [
        {
          "schema_version": 0,
          "attributes": {
            "action": "allow",
            "description": "Allow TR Network",
            "filter_id": "16ac31458ad94c55aa9a752fe8bd320b",
            "id": "b316205319114c75aec97ed5ebae0997",
            "paused": false,
            "priority": 5000,
            "products": null,
            "zone_id": "b8b8985303e1be08c2fa2c2c45e1ff17"
          },
          "sensitive_attributes": [],
          "private": "bnVsbA==",
          "dependencies": [
            "cloudflare_filter.terraform_managed_resource_c9450198d2b141e7ac9cc738eab0e88d"
          ]
        }
      ]
    },
    {
      "mode": "managed",
      "type": "cloudflare_firewall_rule",
      "name": "terraform_managed_resource_669698881e2e46ba85e55bb4d6fec802",
      "provider": "provider[\"registry.terraform.io/cloudflare/cloudflare\"]",
      "instances": [
        {
          "schema_version": 0,
          "attributes": {
            "action": "block",
            "description": "Block Everything Else",
            "filter_id": "3dc726f8e45946d3b6da05b8d84934bd",
            "id": "d352a45793fc437db941d73a21278634",
            "paused": false,
            "priority": 12500,
            "products": null,
            "zone_id": "b8b8985303e1be08c2fa2c2c45e1ff17"
          },
          "sensitive_attributes": [],
          "private": "bnVsbA==",
          "dependencies": [
            "cloudflare_filter.terraform_managed_resource_0934271226a64a9aad43631efbceb825"
          ]
        }
      ]
    },
    {
      "mode": "managed",
      "type": "cloudflare_firewall_rule",
      "name": "terraform_managed_resource_6ac9d8bc69eb4ac1b2ecfc52179f0b7c",
      "provider": "provider[\"registry.terraform.io/cloudflare/cloudflare\"]",
      "instances": [
        {
          "schema_version": 0,
          "attributes": {
            "action": "allow",
            "description": "Allow Cloudflare",
            "filter_id": "df63f06606934b299de94a796b20f084",
            "id": "f46a90a8385c4219b9ab1582a1f1a582",
            "paused": false,
            "priority": 2000,
            "products": null,
            "zone_id": "b8b8985303e1be08c2fa2c2c45e1ff17"
          },
          "sensitive_attributes": [],
          "private": "bnVsbA==",
          "dependencies": [
            "cloudflare_filter.terraform_managed_resource_e6e6096b3f624819a76ab308509c61a7"
          ]
        }
      ]
    },
    {
      "mode": "managed",
      "type": "cloudflare_firewall_rule",
      "name": "terraform_managed_resource_6c523de896124337935d1d71a593b010",
      "provider": "provider[\"registry.terraform.io/cloudflare/cloudflare\"]",
      "instances": [
        {
          "schema_version": 0,
          "attributes": {
            "action": "allow",
            "description": "DataDog",
            "filter_id": "681850d8c4df4fa8a453fb53cb444f90",
            "id": "da31026ad7db4cd18c76819bb018786a",
            "paused": false,
            "priority": 10500,
            "products": null,
            "zone_id": "b8b8985303e1be08c2fa2c2c45e1ff17"
          },
          "sensitive_attributes": [],
          "private": "bnVsbA==",
          "dependencies": [
            "cloudflare_filter.terraform_managed_resource_bc72180f75c14633bc0f9f9679171f3b"
          ]
        }
      ]
    },
    {
      "mode": "managed",
      "type": "cloudflare_firewall_rule",
      "name": "terraform_managed_resource_722292fe1b014f33894b5fc9b8cac357",
      "provider": "provider[\"registry.terraform.io/cloudflare/cloudflare\"]",
      "instances": [
        {
          "schema_version": 0,
          "attributes": {
            "action": "allow",
            "description": "Bypass on param",
            "filter_id": "f18d400d2d7a453a826fe6a3d66ef563",
            "id": "1fddd9de3c404aaf8479495bebaa96a9",
            "paused": false,
            "priority": 8500,
            "products": null,
            "zone_id": "b8b8985303e1be08c2fa2c2c45e1ff17"
          },
          "sensitive_attributes": [],
          "private": "bnVsbA==",
          "dependencies": [
            "cloudflare_filter.terraform_managed_resource_9cbf673a3b1440a6aa3dcf30dc4383c0"
          ]
        }
      ]
    },
    {
      "mode": "managed",
      "type": "cloudflare_firewall_rule",
      "name": "terraform_managed_resource_752107e66e074afd93fb61986a370f30",
      "provider": "provider[\"registry.terraform.io/cloudflare/cloudflare\"]",
      "instances": [
        {
          "schema_version": 0,
          "attributes": {
            "action": "allow",
            "description": "Allow Speedcurve",
            "filter_id": "5878478572a14733be6f78b5a79fca7d",
            "id": "d5c2e4caf6644fc89a0697c3855558c7",
            "paused": false,
            "priority": 7000,
            "products": null,
            "zone_id": "b8b8985303e1be08c2fa2c2c45e1ff17"
          },
          "sensitive_attributes": [],
          "private": "bnVsbA==",
          "dependencies": [
            "cloudflare_filter.terraform_managed_resource_c36d0d6b54964319a06108c92f7122e5"
          ]
        }
      ]
    },
    {
      "mode": "managed",
      "type": "cloudflare_firewall_rule",
      "name": "terraform_managed_resource_94592ee24e634b9fb83f04fd9e6cddfb",
      "provider": "provider[\"registry.terraform.io/cloudflare/cloudflare\"]",
      "instances": [
        {
          "schema_version": 0,
          "attributes": {
            "action": "block",
            "description": "Block wp subdomain non CF traffic",
            "filter_id": "653e95b1124c4e2cb581d037c2669fc6",
            "id": "1486cb3e6f68491899c7e3df7d86664c",
            "paused": false,
            "priority": 500,
            "products": null,
            "zone_id": "b8b8985303e1be08c2fa2c2c45e1ff17"
          },
          "sensitive_attributes": [],
          "private": "bnVsbA==",
          "dependencies": [
            "cloudflare_filter.terraform_managed_resource_b7dc81e783db4d9da68908953bb701f3"
          ]
        }
      ]
    },
    {
      "mode": "managed",
      "type": "cloudflare_firewall_rule",
      "name": "terraform_managed_resource_9d97e4a7e7aa4a2b9e5e3688bf97486c",
      "provider": "provider[\"registry.terraform.io/cloudflare/cloudflare\"]",
      "instances": [
        {
          "schema_version": 0,
          "attributes": {
            "action": "allow",
            "description": "Allow Browser Stack",
            "filter_id": "e5053b8fba404aa18026a690007b80ed",
            "id": "a6210ca7268749aebff590487de12b6f",
            "paused": false,
            "priority": 1000,
            "products": null,
            "zone_id": "b8b8985303e1be08c2fa2c2c45e1ff17"
          },
          "sensitive_attributes": [],
          "private": "bnVsbA==",
          "dependencies": [
            "cloudflare_filter.terraform_managed_resource_90bacf4e2bf34c8d98ae88655adfdc8b"
          ]
        }
      ]
    },
    {
      "mode": "managed",
      "type": "cloudflare_firewall_rule",
      "name": "terraform_managed_resource_9e81b071275e41f2854335c3f4d4d96a",
      "provider": "provider[\"registry.terraform.io/cloudflare/cloudflare\"]",
      "instances": [
        {
          "schema_version": 0,
          "attributes": {
            "action": "allow",
            "description": "Allow Zscaler Other until Azure Setup",
            "filter_id": "9eab3b2501e94edb800c909c0f02beb1",
            "id": "7e204d42d0e941fc8e8cabc3d5af82ef",
            "paused": false,
            "priority": 8000,
            "products": null,
            "zone_id": "b8b8985303e1be08c2fa2c2c45e1ff17"
          },
          "sensitive_attributes": [],
          "private": "bnVsbA==",
          "dependencies": [
            "cloudflare_filter.terraform_managed_resource_3db10172aab84167abece3aaf553b932"
          ]
        }
      ]
    },
    {
      "mode": "managed",
      "type": "cloudflare_firewall_rule",
      "name": "terraform_managed_resource_a7771dc53ee844b29a0e63034d0a63e1",
      "provider": "provider[\"registry.terraform.io/cloudflare/cloudflare\"]",
      "instances": [
        {
          "schema_version": 0,
          "attributes": {
            "action": "allow",
            "description": "DIY allow Cludo Crawlers",
            "filter_id": "8ca5cdf71df24ae4930350bb5f7293a7",
            "id": "fdf64cf8a84e4b539417881ee6d167e3",
            "paused": false,
            "priority": 9500,
            "products": null,
            "zone_id": "b8b8985303e1be08c2fa2c2c45e1ff17"
          },
          "sensitive_attributes": [],
          "private": "bnVsbA==",
          "dependencies": [
            "cloudflare_filter.terraform_managed_resource_91a9c5cc42704916a91baae888270d16"
          ]
        }
      ]
    },
    {
      "mode": "managed",
      "type": "cloudflare_firewall_rule",
      "name": "terraform_managed_resource_b348e818062e4cac9afc77057c31e4f9",
      "provider": "provider[\"registry.terraform.io/cloudflare/cloudflare\"]",
      "instances": [
        {
          "schema_version": 0,
          "attributes": {
            "action": "allow",
            "description": "Allow Zscaler Azure",
            "filter_id": "db2f7f8f32a64f19a11d9655a8a49a82",
            "id": "db56c060c60b4c28abbd570edde99680",
            "paused": false,
            "priority": 6000,
            "products": null,
            "zone_id": "b8b8985303e1be08c2fa2c2c45e1ff17"
          },
          "sensitive_attributes": [],
          "private": "bnVsbA==",
          "dependencies": [
            "cloudflare_filter.terraform_managed_resource_f5575af5e2fa483eb67192d2d1c6f34a"
          ]
        }
      ]
    },
    {
      "mode": "managed",
      "type": "cloudflare_firewall_rule",
      "name": "terraform_managed_resource_cb409020454c4663afb16b86ce0a67e2",
      "provider": "provider[\"registry.terraform.io/cloudflare/cloudflare\"]",
      "instances": [
        {
          "schema_version": 0,
          "attributes": {
            "action": "allow",
            "description": "Allow Internal API Calls by User Agent",
            "filter_id": "cc175cf6fb7e4b4fba4f9d7cc003e756",
            "id": "29cf0a5c716544b2b0f3af9be6147ca7",
            "paused": false,
            "priority": 12000,
            "products": null,
            "zone_id": "b8b8985303e1be08c2fa2c2c45e1ff17"
          },
          "sensitive_attributes": [],
          "private": "bnVsbA==",
          "dependencies": [
            "cloudflare_filter.terraform_managed_resource_6b448a015e8040248395963a3c036c31"
          ]
        }
      ]
    },
    {
      "mode": "managed",
      "type": "cloudflare_firewall_rule",
      "name": "terraform_managed_resource_e00b98d7675f4a12a3e3930fb7f56564",
      "provider": "provider[\"registry.terraform.io/cloudflare/cloudflare\"]",
      "instances": [
        {
          "schema_version": 0,
          "attributes": {
            "action": "allow",
            "description": "Allow AWS",
            "filter_id": "a23dffd055234960b8599c1cfaa73807",
            "id": "b187d2f5586345929c1c6dfb7c36bf30",
            "paused": false,
            "priority": 11500,
            "products": null,
            "zone_id": "b8b8985303e1be08c2fa2c2c45e1ff17"
          },
          "sensitive_attributes": [],
          "private": "bnVsbA==",
          "dependencies": [
            "cloudflare_filter.terraform_managed_resource_fc8fa07b1dda4c9db4dfbca6624716da"
          ]
        }
      ]
    },
    {
      "mode": "managed",
      "type": "cloudflare_firewall_rule",
      "name": "terraform_managed_resource_e8cc95a9a9c3492cb72b848f116e5f90",
      "provider": "provider[\"registry.terraform.io/cloudflare/cloudflare\"]",
      "instances": [
        {
          "schema_version": 0,
          "attributes": {
            "action": "allow",
            "description": "Allow AMS",
            "filter_id": "5380bab1f47342f787d9cd4dffeac4e0",
            "id": "b261856308cf4c94aa71958b2446ba2a",
            "paused": false,
            "priority": 0,
            "products": null,
            "zone_id": "b8b8985303e1be08c2fa2c2c45e1ff17"
          },
          "sensitive_attributes": [],
          "private": "bnVsbA==",
          "dependencies": [
            "cloudflare_filter.terraform_managed_resource_9eefe05e6efe4bb4b51dee0dd960081e"
          ]
        }
      ]
    },
    {
      "mode": "managed",
      "type": "cloudflare_firewall_rule",
      "name": "terraform_managed_resource_eb7d45c356c0437b95f2be50a4b0b7ea",
      "provider": "provider[\"registry.terraform.io/cloudflare/cloudflare\"]",
      "instances": [
        {
          "schema_version": 0,
          "attributes": {
            "action": "allow",
            "description": "Allow Observe Point",
            "filter_id": "244de81ce4e842afa9951e9080842c98",
            "id": "d9af74ac98b34f8a9f23c5b2542c788b",
            "paused": false,
            "priority": 4000,
            "products": null,
            "zone_id": "b8b8985303e1be08c2fa2c2c45e1ff17"
          },
          "sensitive_attributes": [],
          "private": "bnVsbA==",
          "dependencies": [
            "cloudflare_filter.terraform_managed_resource_cc206901b8664f9c99fbe5ae85547514"
          ]
        }
      ]
    },
    {
      "mode": "managed",
      "type": "cloudflare_firewall_rule",
      "name": "terraform_managed_resource_eff82a13f1f04b6b8d466275fc528338",
      "provider": "provider[\"registry.terraform.io/cloudflare/cloudflare\"]",
      "instances": [
        {
          "schema_version": 0,
          "attributes": {
            "action": "allow",
            "description": "Allow EPAM",
            "filter_id": "6e3643c915904218a30a5e3a90dbe0b7",
            "id": "c15d8b437f984919bbaac554a923f772",
            "paused": false,
            "priority": 3000,
            "products": null,
            "zone_id": "b8b8985303e1be08c2fa2c2c45e1ff17"
          },
          "sensitive_attributes": [],
          "private": "bnVsbA==",
          "dependencies": [
            "cloudflare_filter.terraform_managed_resource_09ac9a11052e46ffa78dfa6fa1082c7c"
          ]
        }
      ]
    },
    {
      "mode": "managed",
      "type": "cloudflare_page_rule",
      "name": "terraform_managed_resource_18a739aa43e3719a2d30fa52642ead1a",
      "provider": "provider[\"registry.terraform.io/cloudflare/cloudflare\"]",
      "instances": [
        {
          "schema_version": 0,
          "attributes": {
            "actions": [
              {
                "always_use_https": false,
                "automatic_https_rewrites": "",
                "browser_cache_ttl": "",
                "browser_check": "",
                "bypass_cache_on_cookie": "",
                "cache_by_device_type": "",
                "cache_deception_armor": "",
                "cache_key_fields": [],
                "cache_level": "",
                "cache_on_cookie": "",
                "cache_ttl_by_status": [],
                "disable_apps": false,
                "disable_performance": false,
                "disable_railgun": false,
                "disable_security": false,
                "disable_zaraz": false,
                "edge_cache_ttl": 0,
                "email_obfuscation": "",
                "explicit_cache_control": "",
                "forwarding_url": [
                  {
                    "status_code": 301,
                    "url": "https://www.findlaw-cloud-dev.com/lawyer-marketing/$1"
                  }
                ],
                "host_header_override": "",
                "ip_geolocation": "",
                "minify": [],
                "mirage": "",
                "opportunistic_encryption": "",
                "origin_error_page_pass_thru": "",
                "polish": "",
                "resolve_override": "",
                "respect_strong_etag": "",
                "response_buffering": "",
                "rocket_loader": "",
                "security_level": "",
                "server_side_exclude": "",
                "sort_query_string_for_cache": "",
                "ssl": "",
                "true_client_ip_header": "",
                "waf": ""
              }
            ],
            "id": "530c7504847b92344bae32c99440b5ae",
            "priority": 4,
            "status": "active",
            "target": "lawyermarketing.findlaw-cloud-dev.com/*",
            "zone_id": "b8b8985303e1be08c2fa2c2c45e1ff17"
          },
          "sensitive_attributes": [],
          "private": "bnVsbA=="
        }
      ]
    },
    {
      "mode": "managed",
      "type": "cloudflare_page_rule",
      "name": "terraform_managed_resource_1de697cc6514b8f8d483d4bbe75edcb0",
      "provider": "provider[\"registry.terraform.io/cloudflare/cloudflare\"]",
      "instances": [
        {
          "schema_version": 0,
          "attributes": {
            "actions": [
              {
                "always_use_https": false,
                "automatic_https_rewrites": "",
                "browser_cache_ttl": "",
                "browser_check": "",
                "bypass_cache_on_cookie": "",
                "cache_by_device_type": "",
                "cache_deception_armor": "",
                "cache_key_fields": [],
                "cache_level": "bypass",
                "cache_on_cookie": "",
                "cache_ttl_by_status": [],
                "disable_apps": false,
                "disable_performance": false,
                "disable_railgun": false,
                "disable_security": false,
                "disable_zaraz": false,
                "edge_cache_ttl": 0,
                "email_obfuscation": "",
                "explicit_cache_control": "",
                "forwarding_url": [],
                "host_header_override": "",
                "ip_geolocation": "",
                "minify": [],
                "mirage": "",
                "opportunistic_encryption": "",
                "origin_error_page_pass_thru": "",
                "polish": "",
                "resolve_override": "",
                "respect_strong_etag": "",
                "response_buffering": "",
                "rocket_loader": "",
                "security_level": "",
                "server_side_exclude": "",
                "sort_query_string_for_cache": "",
                "ssl": "",
                "true_client_ip_header": "",
                "waf": ""
              }
            ],
            "id": "eec95356ea61f3abeb2768cc6418f798",
            "priority": 3,
            "status": "active",
            "target": "*stats2.findlaw-cloud-dev.com/*",
            "zone_id": "b8b8985303e1be08c2fa2c2c45e1ff17"
          },
          "sensitive_attributes": [],
          "private": "bnVsbA=="
        }
      ]
    },
    {
      "mode": "managed",
      "type": "cloudflare_page_rule",
      "name": "terraform_managed_resource_206e553e5f577c4f692f156cb75744fa",
      "provider": "provider[\"registry.terraform.io/cloudflare/cloudflare\"]",
      "instances": [
        {
          "schema_version": 0,
          "attributes": {
            "actions": [
              {
                "always_use_https": false,
                "automatic_https_rewrites": "",
                "browser_cache_ttl": "",
                "browser_check": "",
                "bypass_cache_on_cookie": "",
                "cache_by_device_type": "",
                "cache_deception_armor": "",
                "cache_key_fields": [],
                "cache_level": "",
                "cache_on_cookie": "",
                "cache_ttl_by_status": [],
                "disable_apps": false,
                "disable_performance": false,
                "disable_railgun": false,
                "disable_security": false,
                "disable_zaraz": false,
                "edge_cache_ttl": 0,
                "email_obfuscation": "",
                "explicit_cache_control": "",
                "forwarding_url": [
                  {
                    "status_code": 301,
                    "url": "https://www.findlaw-cloud-dev.com/legalblogs/$1"
                  }
                ],
                "host_header_override": "",
                "ip_geolocation": "",
                "minify": [],
                "mirage": "",
                "opportunistic_encryption": "",
                "origin_error_page_pass_thru": "",
                "polish": "",
                "resolve_override": "",
                "respect_strong_etag": "",
                "response_buffering": "",
                "rocket_loader": "",
                "security_level": "",
                "server_side_exclude": "",
                "sort_query_string_for_cache": "",
                "ssl": "",
                "true_client_ip_header": "",
                "waf": ""
              }
            ],
            "id": "000b82220d9ef5f4629aefe0e5d5ba31",
            "priority": 10,
            "status": "active",
            "target": "blogs.findlaw-cloud-dev.com/*",
            "zone_id": "b8b8985303e1be08c2fa2c2c45e1ff17"
          },
          "sensitive_attributes": [],
          "private": "bnVsbA=="
        }
      ]
    },
    {
      "mode": "managed",
      "type": "cloudflare_page_rule",
      "name": "terraform_managed_resource_45a9b29dc9a2105ceeb0f44af94329b2",
      "provider": "provider[\"registry.terraform.io/cloudflare/cloudflare\"]",
      "instances": [
        {
          "schema_version": 0,
          "attributes": {
            "actions": [
              {
                "always_use_https": false,
                "automatic_https_rewrites": "",
                "browser_cache_ttl": "",
                "browser_check": "",
                "bypass_cache_on_cookie": "",
                "cache_by_device_type": "",
                "cache_deception_armor": "",
                "cache_key_fields": [],
                "cache_level": "",
                "cache_on_cookie": "",
                "cache_ttl_by_status": [],
                "disable_apps": false,
                "disable_performance": false,
                "disable_railgun": false,
                "disable_security": false,
                "disable_zaraz": false,
                "edge_cache_ttl": 0,
                "email_obfuscation": "",
                "explicit_cache_control": "",
                "forwarding_url": [],
                "host_header_override": "lawyermarketing.findlaw-cloud-dev.com",
                "ip_geolocation": "",
                "minify": [],
                "mirage": "",
                "opportunistic_encryption": "",
                "origin_error_page_pass_thru": "",
                "polish": "",
                "resolve_override": "lawyermarketing.findlaw-cloud-dev.com",
                "respect_strong_etag": "",
                "response_buffering": "",
                "rocket_loader": "",
                "security_level": "",
                "server_side_exclude": "",
                "sort_query_string_for_cache": "",
                "ssl": "",
                "true_client_ip_header": "",
                "waf": ""
              }
            ],
            "id": "09035c146f0bd864615d7a010888bbab",
            "priority": 22,
            "status": "disabled",
            "target": "www.findlaw-cloud-dev.com/lawyer-marketing*",
            "zone_id": "b8b8985303e1be08c2fa2c2c45e1ff17"
          },
          "sensitive_attributes": [],
          "private": "bnVsbA=="
        }
      ]
    },
    {
      "mode": "managed",
      "type": "cloudflare_page_rule",
      "name": "terraform_managed_resource_47423152e0780e02b7e8e82dad3d2019",
      "provider": "provider[\"registry.terraform.io/cloudflare/cloudflare\"]",
      "instances": [
        {
          "schema_version": 0,
          "attributes": {
            "actions": [
              {
                "always_use_https": false,
                "automatic_https_rewrites": "",
                "browser_cache_ttl": "",
                "browser_check": "",
                "bypass_cache_on_cookie": "",
                "cache_by_device_type": "",
                "cache_deception_armor": "",
                "cache_key_fields": [],
                "cache_level": "aggressive",
                "cache_on_cookie": "",
                "cache_ttl_by_status": [],
                "disable_apps": false,
                "disable_performance": false,
                "disable_railgun": false,
                "disable_security": false,
                "disable_zaraz": false,
                "edge_cache_ttl": 0,
                "email_obfuscation": "",
                "explicit_cache_control": "",
                "forwarding_url": [],
                "host_header_override": "",
                "ip_geolocation": "",
                "minify": [],
                "mirage": "",
                "opportunistic_encryption": "",
                "origin_error_page_pass_thru": "",
                "polish": "",
                "resolve_override": "",
                "respect_strong_etag": "",
                "response_buffering": "",
                "rocket_loader": "",
                "security_level": "",
                "server_side_exclude": "",
                "sort_query_string_for_cache": "",
                "ssl": "",
                "true_client_ip_header": "",
                "waf": ""
              }
            ],
            "id": "73329e69eebf5f045e91fc55e59768cd",
            "priority": 14,
            "status": "active",
            "target": "www.findlaw-cloud-dev.com/wp-content/*",
            "zone_id": "b8b8985303e1be08c2fa2c2c45e1ff17"
          },
          "sensitive_attributes": [],
          "private": "bnVsbA=="
        }
      ]
    },
    {
      "mode": "managed",
      "type": "cloudflare_page_rule",
      "name": "terraform_managed_resource_4862397763c2f0e419303803793d45d2",
      "provider": "provider[\"registry.terraform.io/cloudflare/cloudflare\"]",
      "instances": [
        {
          "schema_version": 0,
          "attributes": {
            "actions": [
              {
                "always_use_https": false,
                "automatic_https_rewrites": "",
                "browser_cache_ttl": "",
                "browser_check": "",
                "bypass_cache_on_cookie": "",
                "cache_by_device_type": "",
                "cache_deception_armor": "",
                "cache_key_fields": [],
                "cache_level": "bypass",
                "cache_on_cookie": "",
                "cache_ttl_by_status": [],
                "disable_apps": false,
                "disable_performance": false,
                "disable_railgun": false,
                "disable_security": false,
                "disable_zaraz": false,
                "edge_cache_ttl": 0,
                "email_obfuscation": "",
                "explicit_cache_control": "",
                "forwarding_url": [],
                "host_header_override": "",
                "ip_geolocation": "",
                "minify": [],
                "mirage": "",
                "opportunistic_encryption": "",
                "origin_error_page_pass_thru": "",
                "polish": "",
                "resolve_override": "",
                "respect_strong_etag": "",
                "response_buffering": "",
                "rocket_loader": "",
                "security_level": "",
                "server_side_exclude": "",
                "sort_query_string_for_cache": "",
                "ssl": "",
                "true_client_ip_header": "",
                "waf": ""
              }
            ],
            "id": "2a4c1cd1964a79414676b31df4e22570",
            "priority": 4,
            "status": "active",
            "target": "*pu.findlaw-cloud-dev.com/*",
            "zone_id": "b8b8985303e1be08c2fa2c2c45e1ff17"
          },
          "sensitive_attributes": [],
          "private": "bnVsbA=="
        }
      ]
    },
    {
      "mode": "managed",
      "type": "cloudflare_page_rule",
      "name": "terraform_managed_resource_566dfd0db4e3f8b092b16c6b664b107c",
      "provider": "provider[\"registry.terraform.io/cloudflare/cloudflare\"]",
      "instances": [
        {
          "schema_version": 0,
          "attributes": {
            "actions": [
              {
                "always_use_https": false,
                "automatic_https_rewrites": "",
                "browser_cache_ttl": "",
                "browser_check": "",
                "bypass_cache_on_cookie": "",
                "cache_by_device_type": "",
                "cache_deception_armor": "",
                "cache_key_fields": [],
                "cache_level": "",
                "cache_on_cookie": "",
                "cache_ttl_by_status": [],
                "disable_apps": false,
                "disable_performance": false,
                "disable_railgun": false,
                "disable_security": false,
                "disable_zaraz": false,
                "edge_cache_ttl": 0,
                "email_obfuscation": "",
                "explicit_cache_control": "",
                "forwarding_url": [
                  {
                    "status_code": 301,
                    "url": "https://www.findlaw-cloud-dev.com/forms/$1"
                  }
                ],
                "host_header_override": "",
                "ip_geolocation": "",
                "minify": [],
                "mirage": "",
                "opportunistic_encryption": "",
                "origin_error_page_pass_thru": "",
                "polish": "",
                "resolve_override": "",
                "respect_strong_etag": "",
                "response_buffering": "",
                "rocket_loader": "",
                "security_level": "",
                "server_side_exclude": "",
                "sort_query_string_for_cache": "",
                "ssl": "",
                "true_client_ip_header": "",
                "waf": ""
              }
            ],
            "id": "21591c9fdce18110166320d4856bb68b",
            "priority": 6,
            "status": "active",
            "target": "forms.findlaw-cloud-dev.com/*",
            "zone_id": "b8b8985303e1be08c2fa2c2c45e1ff17"
          },
          "sensitive_attributes": [],
          "private": "bnVsbA=="
        }
      ]
    },
    {
      "mode": "managed",
      "type": "cloudflare_page_rule",
      "name": "terraform_managed_resource_58d251b40461edb2481993c6ab2ca52a",
      "provider": "provider[\"registry.terraform.io/cloudflare/cloudflare\"]",
      "instances": [
        {
          "schema_version": 0,
          "attributes": {
            "actions": [
              {
                "always_use_https": false,
                "automatic_https_rewrites": "",
                "browser_cache_ttl": "",
                "browser_check": "",
                "bypass_cache_on_cookie": "",
                "cache_by_device_type": "",
                "cache_deception_armor": "",
                "cache_key_fields": [],
                "cache_level": "",
                "cache_on_cookie": "",
                "cache_ttl_by_status": [],
                "disable_apps": false,
                "disable_performance": false,
                "disable_railgun": false,
                "disable_security": false,
                "disable_zaraz": false,
                "edge_cache_ttl": 0,
                "email_obfuscation": "",
                "explicit_cache_control": "",
                "forwarding_url": [
                  {
                    "status_code": 301,
                    "url": "https://adserver.findlaw-cloud-dev.com/adview$1"
                  }
                ],
                "host_header_override": "",
                "ip_geolocation": "",
                "minify": [],
                "mirage": "",
                "opportunistic_encryption": "",
                "origin_error_page_pass_thru": "",
                "polish": "",
                "resolve_override": "",
                "respect_strong_etag": "",
                "response_buffering": "",
                "rocket_loader": "",
                "security_level": "",
                "server_side_exclude": "",
                "sort_query_string_for_cache": "",
                "ssl": "",
                "true_client_ip_header": "",
                "waf": ""
              }
            ],
            "id": "ef023c6a12f3d80ae76f2eb8c9dc4023",
            "priority": 11,
            "status": "active",
            "target": "www.findlaw-cloud-dev.com/adview*",
            "zone_id": "b8b8985303e1be08c2fa2c2c45e1ff17"
          },
          "sensitive_attributes": [],
          "private": "bnVsbA=="
        }
      ]
    },
    {
      "mode": "managed",
      "type": "cloudflare_page_rule",
      "name": "terraform_managed_resource_644bbcbb01b5e045b132ed1526d48d16",
      "provider": "provider[\"registry.terraform.io/cloudflare/cloudflare\"]",
      "instances": [
        {
          "schema_version": 0,
          "attributes": {
            "actions": [
              {
                "always_use_https": false,
                "automatic_https_rewrites": "",
                "browser_cache_ttl": "",
                "browser_check": "",
                "bypass_cache_on_cookie": "",
                "cache_by_device_type": "",
                "cache_deception_armor": "",
                "cache_key_fields": [],
                "cache_level": "cache_everything",
                "cache_on_cookie": "",
                "cache_ttl_by_status": [],
                "disable_apps": false,
                "disable_performance": false,
                "disable_railgun": false,
                "disable_security": false,
                "disable_zaraz": false,
                "edge_cache_ttl": 86400,
                "email_obfuscation": "",
                "explicit_cache_control": "",
                "forwarding_url": [],
                "host_header_override": "",
                "ip_geolocation": "",
                "minify": [],
                "mirage": "",
                "opportunistic_encryption": "",
                "origin_error_page_pass_thru": "",
                "polish": "",
                "resolve_override": "",
                "respect_strong_etag": "",
                "response_buffering": "",
                "rocket_loader": "",
                "security_level": "",
                "server_side_exclude": "",
                "sort_query_string_for_cache": "",
                "ssl": "",
                "true_client_ip_header": "",
                "waf": ""
              }
            ],
            "id": "455051074069962fb07e8f601176f925",
            "priority": 9,
            "status": "active",
            "target": "www.findlaw-cloud-dev.com/*",
            "zone_id": "b8b8985303e1be08c2fa2c2c45e1ff17"
          },
          "sensitive_attributes": [],
          "private": "bnVsbA=="
        }
      ]
    },
    {
      "mode": "managed",
      "type": "cloudflare_page_rule",
      "name": "terraform_managed_resource_6d063243290fe44c6d9c30c3b68c0cb2",
      "provider": "provider[\"registry.terraform.io/cloudflare/cloudflare\"]",
      "instances": [
        {
          "schema_version": 0,
          "attributes": {
            "actions": [
              {
                "always_use_https": false,
                "automatic_https_rewrites": "",
                "browser_cache_ttl": "",
                "browser_check": "",
                "bypass_cache_on_cookie": "",
                "cache_by_device_type": "",
                "cache_deception_armor": "",
                "cache_key_fields": [],
                "cache_level": "",
                "cache_on_cookie": "",
                "cache_ttl_by_status": [],
                "disable_apps": false,
                "disable_performance": false,
                "disable_railgun": false,
                "disable_security": false,
                "disable_zaraz": false,
                "edge_cache_ttl": 0,
                "email_obfuscation": "",
                "explicit_cache_control": "",
                "forwarding_url": [
                  {
                    "status_code": 301,
                    "url": "https://www.findlaw-cloud-dev.com/legalblogs/consumer-protection/$3/"
                  }
                ],
                "host_header_override": "",
                "ip_geolocation": "",
                "minify": [],
                "mirage": "",
                "opportunistic_encryption": "",
                "origin_error_page_pass_thru": "",
                "polish": "",
                "resolve_override": "",
                "respect_strong_etag": "",
                "response_buffering": "",
                "rocket_loader": "",
                "security_level": "",
                "server_side_exclude": "",
                "sort_query_string_for_cache": "",
                "ssl": "",
                "true_client_ip_header": "",
                "waf": ""
              }
            ],
            "id": "10ec6e9a9e8f62972c488b138d2ea82e",
            "priority": 17,
            "status": "active",
            "target": "commonlaw.findlaw-cloud-dev.com/*/*/*.html",
            "zone_id": "b8b8985303e1be08c2fa2c2c45e1ff17"
          },
          "sensitive_attributes": [],
          "private": "bnVsbA=="
        }
      ]
    },
    {
      "mode": "managed",
      "type": "cloudflare_page_rule",
      "name": "terraform_managed_resource_6dfdef94fbfd5ef989575ecdb52ef72d",
      "provider": "provider[\"registry.terraform.io/cloudflare/cloudflare\"]",
      "instances": [
        {
          "schema_version": 0,
          "attributes": {
            "actions": [
              {
                "always_use_https": false,
                "automatic_https_rewrites": "",
                "browser_cache_ttl": "",
                "browser_check": "",
                "bypass_cache_on_cookie": "",
                "cache_by_device_type": "",
                "cache_deception_armor": "",
                "cache_key_fields": [],
                "cache_level": "bypass",
                "cache_on_cookie": "",
                "cache_ttl_by_status": [],
                "disable_apps": false,
                "disable_performance": false,
                "disable_railgun": false,
                "disable_security": false,
                "disable_zaraz": false,
                "edge_cache_ttl": 0,
                "email_obfuscation": "",
                "explicit_cache_control": "",
                "forwarding_url": [],
                "host_header_override": "",
                "ip_geolocation": "",
                "minify": [],
                "mirage": "",
                "opportunistic_encryption": "",
                "origin_error_page_pass_thru": "",
                "polish": "",
                "resolve_override": "",
                "respect_strong_etag": "",
                "response_buffering": "",
                "rocket_loader": "",
                "security_level": "",
                "server_side_exclude": "",
                "sort_query_string_for_cache": "",
                "ssl": "",
                "true_client_ip_header": "",
                "waf": ""
              }
            ],
            "id": "d7659d4d0038216913c233691282864a",
            "priority": 5,
            "status": "active",
            "target": "*adserver.findlaw-cloud-dev.com/*",
            "zone_id": "b8b8985303e1be08c2fa2c2c45e1ff17"
          },
          "sensitive_attributes": [],
          "private": "bnVsbA=="
        }
      ]
    },
    {
      "mode": "managed",
      "type": "cloudflare_page_rule",
      "name": "terraform_managed_resource_7237e400be0df932d72832c0d048ed6c",
      "provider": "provider[\"registry.terraform.io/cloudflare/cloudflare\"]",
      "instances": [
        {
          "schema_version": 0,
          "attributes": {
            "actions": [
              {
                "always_use_https": false,
                "automatic_https_rewrites": "",
                "browser_cache_ttl": "",
                "browser_check": "",
                "bypass_cache_on_cookie": "",
                "cache_by_device_type": "",
                "cache_deception_armor": "",
                "cache_key_fields": [],
                "cache_level": "",
                "cache_on_cookie": "",
                "cache_ttl_by_status": [],
                "disable_apps": false,
                "disable_performance": false,
                "disable_railgun": false,
                "disable_security": false,
                "disable_zaraz": false,
                "edge_cache_ttl": 0,
                "email_obfuscation": "",
                "explicit_cache_control": "",
                "forwarding_url": [],
                "host_header_override": "forms.findlaw-cloud-dev.com",
                "ip_geolocation": "",
                "minify": [],
                "mirage": "",
                "opportunistic_encryption": "",
                "origin_error_page_pass_thru": "",
                "polish": "",
                "resolve_override": "forms.findlaw-cloud-dev.com",
                "respect_strong_etag": "",
                "response_buffering": "",
                "rocket_loader": "",
                "security_level": "",
                "server_side_exclude": "",
                "sort_query_string_for_cache": "",
                "ssl": "",
                "true_client_ip_header": "",
                "waf": ""
              }
            ],
            "id": "cae0f4df2afad414cf08578e71d7f482",
            "priority": 23,
            "status": "disabled",
            "target": "www.findlaw-cloud-dev.com/forms*",
            "zone_id": "b8b8985303e1be08c2fa2c2c45e1ff17"
          },
          "sensitive_attributes": [],
          "private": "bnVsbA=="
        }
      ]
    },
    {
      "mode": "managed",
      "type": "cloudflare_page_rule",
      "name": "terraform_managed_resource_75593caf40ebe42f6ec49f00fb62eda3",
      "provider": "provider[\"registry.terraform.io/cloudflare/cloudflare\"]",
      "instances": [
        {
          "schema_version": 0,
          "attributes": {
            "actions": [
              {
                "always_use_https": false,
                "automatic_https_rewrites": "",
                "browser_cache_ttl": "",
                "browser_check": "",
                "bypass_cache_on_cookie": "",
                "cache_by_device_type": "",
                "cache_deception_armor": "",
                "cache_key_fields": [],
                "cache_level": "bypass",
                "cache_on_cookie": "",
                "cache_ttl_by_status": [],
                "disable_apps": false,
                "disable_performance": false,
                "disable_railgun": false,
                "disable_security": false,
                "disable_zaraz": false,
                "edge_cache_ttl": 0,
                "email_obfuscation": "",
                "explicit_cache_control": "",
                "forwarding_url": [],
                "host_header_override": "",
                "ip_geolocation": "",
                "minify": [],
                "mirage": "",
                "opportunistic_encryption": "",
                "origin_error_page_pass_thru": "",
                "polish": "",
                "resolve_override": "",
                "respect_strong_etag": "",
                "response_buffering": "",
                "rocket_loader": "",
                "security_level": "",
                "server_side_exclude": "",
                "sort_query_string_for_cache": "",
                "ssl": "",
                "true_client_ip_header": "",
                "waf": ""
              }
            ],
            "id": "2ae20cd7063378db4c2206d8dbf521c7",
            "priority": 6,
            "status": "active",
            "target": "*reputationadmin.findlaw-cloud-dev.com/*",
            "zone_id": "b8b8985303e1be08c2fa2c2c45e1ff17"
          },
          "sensitive_attributes": [],
          "private": "bnVsbA=="
        }
      ]
    },
    {
      "mode": "managed",
      "type": "cloudflare_page_rule",
      "name": "terraform_managed_resource_7763cadf0b363b41c7ed940921323b14",
      "provider": "provider[\"registry.terraform.io/cloudflare/cloudflare\"]",
      "instances": [
        {
          "schema_version": 0,
          "attributes": {
            "actions": [
              {
                "always_use_https": false,
                "automatic_https_rewrites": "",
                "browser_cache_ttl": "",
                "browser_check": "",
                "bypass_cache_on_cookie": "",
                "cache_by_device_type": "",
                "cache_deception_armor": "",
                "cache_key_fields": [],
                "cache_level": "bypass",
                "cache_on_cookie": "",
                "cache_ttl_by_status": [],
                "disable_apps": false,
                "disable_performance": false,
                "disable_railgun": false,
                "disable_security": false,
                "disable_zaraz": false,
                "edge_cache_ttl": 0,
                "email_obfuscation": "",
                "explicit_cache_control": "",
                "forwarding_url": [],
                "host_header_override": "",
                "ip_geolocation": "",
                "minify": [],
                "mirage": "",
                "opportunistic_encryption": "",
                "origin_error_page_pass_thru": "",
                "polish": "",
                "resolve_override": "",
                "respect_strong_etag": "",
                "response_buffering": "",
                "rocket_loader": "",
                "security_level": "",
                "server_side_exclude": "",
                "sort_query_string_for_cache": "",
                "ssl": "",
                "true_client_ip_header": "",
                "waf": ""
              }
            ],
            "id": "a95bf562bdfa289ef151e19ddf6ba803",
            "priority": 5,
            "status": "active",
            "target": "*pu-green.findlaw-cloud-dev.com/*",
            "zone_id": "b8b8985303e1be08c2fa2c2c45e1ff17"
          },
          "sensitive_attributes": [],
          "private": "bnVsbA=="
        }
      ]
    },
    {
      "mode": "managed",
      "type": "cloudflare_page_rule",
      "name": "terraform_managed_resource_9a8ae65ace9ac217c1d752067169ba26",
      "provider": "provider[\"registry.terraform.io/cloudflare/cloudflare\"]",
      "instances": [
        {
          "schema_version": 0,
          "attributes": {
            "actions": [
              {
                "always_use_https": false,
                "automatic_https_rewrites": "",
                "browser_cache_ttl": "",
                "browser_check": "",
                "bypass_cache_on_cookie": "",
                "cache_by_device_type": "",
                "cache_deception_armor": "",
                "cache_key_fields": [],
                "cache_level": "bypass",
                "cache_on_cookie": "",
                "cache_ttl_by_status": [],
                "disable_apps": false,
                "disable_performance": false,
                "disable_railgun": false,
                "disable_security": false,
                "disable_zaraz": false,
                "edge_cache_ttl": 0,
                "email_obfuscation": "",
                "explicit_cache_control": "",
                "forwarding_url": [],
                "host_header_override": "",
                "ip_geolocation": "",
                "minify": [],
                "mirage": "",
                "opportunistic_encryption": "",
                "origin_error_page_pass_thru": "",
                "polish": "",
                "resolve_override": "",
                "respect_strong_etag": "",
                "response_buffering": "",
                "rocket_loader": "",
                "security_level": "",
                "server_side_exclude": "",
                "sort_query_string_for_cache": "",
                "ssl": "full",
                "true_client_ip_header": "",
                "waf": ""
              }
            ],
            "id": "4c4a5b0c22eac3e4355f95c52892040a",
            "priority": 18,
            "status": "active",
            "target": "https://www.findlaw-cloud-dev.com/randytest*",
            "zone_id": "b8b8985303e1be08c2fa2c2c45e1ff17"
          },
          "sensitive_attributes": [],
          "private": "bnVsbA=="
        }
      ]
    },
    {
      "mode": "managed",
      "type": "cloudflare_page_rule",
      "name": "terraform_managed_resource_a0c7f5e248f51ade218394db2f11e9f9",
      "provider": "provider[\"registry.terraform.io/cloudflare/cloudflare\"]",
      "instances": [
        {
          "schema_version": 0,
          "attributes": {
            "actions": [
              {
                "always_use_https": false,
                "automatic_https_rewrites": "",
                "browser_cache_ttl": "",
                "browser_check": "",
                "bypass_cache_on_cookie": "",
                "cache_by_device_type": "",
                "cache_deception_armor": "",
                "cache_key_fields": [],
                "cache_level": "aggressive",
                "cache_on_cookie": "",
                "cache_ttl_by_status": [],
                "disable_apps": false,
                "disable_performance": false,
                "disable_railgun": false,
                "disable_security": false,
                "disable_zaraz": false,
                "edge_cache_ttl": 0,
                "email_obfuscation": "",
                "explicit_cache_control": "",
                "forwarding_url": [],
                "host_header_override": "",
                "ip_geolocation": "",
                "minify": [],
                "mirage": "",
                "opportunistic_encryption": "",
                "origin_error_page_pass_thru": "",
                "polish": "",
                "resolve_override": "",
                "respect_strong_etag": "",
                "response_buffering": "",
                "rocket_loader": "",
                "security_level": "",
                "server_side_exclude": "",
                "sort_query_string_for_cache": "",
                "ssl": "",
                "true_client_ip_header": "",
                "waf": ""
              }
            ],
            "id": "3373437f9ce58ece2bf6e0a846fb12a4",
            "priority": 3,
            "status": "active",
            "target": "www.findlaw-cloud-dev.com/wp-json/*",
            "zone_id": "b8b8985303e1be08c2fa2c2c45e1ff17"
          },
          "sensitive_attributes": [],
          "private": "bnVsbA=="
        }
      ]
    },
    {
      "mode": "managed",
      "type": "cloudflare_page_rule",
      "name": "terraform_managed_resource_a334e7a2b3aa68a503699048fe7cae03",
      "provider": "provider[\"registry.terraform.io/cloudflare/cloudflare\"]",
      "instances": [
        {
          "schema_version": 0,
          "attributes": {
            "actions": [
              {
                "always_use_https": false,
                "automatic_https_rewrites": "",
                "browser_cache_ttl": "",
                "browser_check": "",
                "bypass_cache_on_cookie": "",
                "cache_by_device_type": "",
                "cache_deception_armor": "",
                "cache_key_fields": [],
                "cache_level": "bypass",
                "cache_on_cookie": "",
                "cache_ttl_by_status": [],
                "disable_apps": false,
                "disable_performance": false,
                "disable_railgun": false,
                "disable_security": false,
                "disable_zaraz": false,
                "edge_cache_ttl": 0,
                "email_obfuscation": "",
                "explicit_cache_control": "",
                "forwarding_url": [],
                "host_header_override": "",
                "ip_geolocation": "",
                "minify": [],
                "mirage": "",
                "opportunistic_encryption": "",
                "origin_error_page_pass_thru": "",
                "polish": "",
                "resolve_override": "",
                "respect_strong_etag": "",
                "response_buffering": "",
                "rocket_loader": "",
                "security_level": "",
                "server_side_exclude": "",
                "sort_query_string_for_cache": "",
                "ssl": "",
                "true_client_ip_header": "",
                "waf": ""
              }
            ],
            "id": "0e42917d92e49f846a5e2c7730053a9b",
            "priority": 21,
            "status": "active",
            "target": "*ratingsandreviewsadmin.findlaw-cloud-dev.com/*",
            "zone_id": "b8b8985303e1be08c2fa2c2c45e1ff17"
          },
          "sensitive_attributes": [],
          "private": "bnVsbA=="
        }
      ]
    },
    {
      "mode": "managed",
      "type": "cloudflare_page_rule",
      "name": "terraform_managed_resource_c6140db95a6ee072546b3397de50cb52",
      "provider": "provider[\"registry.terraform.io/cloudflare/cloudflare\"]",
      "instances": [
        {
          "schema_version": 0,
          "attributes": {
            "actions": [
              {
                "always_use_https": false,
                "automatic_https_rewrites": "",
                "browser_cache_ttl": "",
                "browser_check": "",
                "bypass_cache_on_cookie": "",
                "cache_by_device_type": "",
                "cache_deception_armor": "",
                "cache_key_fields": [],
                "cache_level": "bypass",
                "cache_on_cookie": "",
                "cache_ttl_by_status": [],
                "disable_apps": false,
                "disable_performance": false,
                "disable_railgun": false,
                "disable_security": false,
                "disable_zaraz": false,
                "edge_cache_ttl": 0,
                "email_obfuscation": "",
                "explicit_cache_control": "",
                "forwarding_url": [],
                "host_header_override": "",
                "ip_geolocation": "",
                "minify": [],
                "mirage": "",
                "opportunistic_encryption": "",
                "origin_error_page_pass_thru": "",
                "polish": "",
                "resolve_override": "",
                "respect_strong_etag": "",
                "response_buffering": "",
                "rocket_loader": "",
                "security_level": "",
                "server_side_exclude": "",
                "sort_query_string_for_cache": "",
                "ssl": "",
                "true_client_ip_header": "",
                "waf": ""
              }
            ],
            "id": "fcdcabfebb5cb3f0fbddc8278eaf5494",
            "priority": 8,
            "status": "active",
            "target": "*adsmanagement.findlaw-cloud-dev.com/*",
            "zone_id": "b8b8985303e1be08c2fa2c2c45e1ff17"
          },
          "sensitive_attributes": [],
          "private": "bnVsbA=="
        }
      ]
    },
    {
      "mode": "managed",
      "type": "cloudflare_page_rule",
      "name": "terraform_managed_resource_d77474293069e4f6ba9f2e8257154d07",
      "provider": "provider[\"registry.terraform.io/cloudflare/cloudflare\"]",
      "instances": [
        {
          "schema_version": 0,
          "attributes": {
            "actions": [
              {
                "always_use_https": false,
                "automatic_https_rewrites": "",
                "browser_cache_ttl": "",
                "browser_check": "",
                "bypass_cache_on_cookie": "",
                "cache_by_device_type": "",
                "cache_deception_armor": "",
                "cache_key_fields": [],
                "cache_level": "",
                "cache_on_cookie": "",
                "cache_ttl_by_status": [],
                "disable_apps": false,
                "disable_performance": false,
                "disable_railgun": false,
                "disable_security": false,
                "disable_zaraz": false,
                "edge_cache_ttl": 0,
                "email_obfuscation": "",
                "explicit_cache_control": "",
                "forwarding_url": [],
                "host_header_override": "www.flportaldev.int.thomsonreuters.com",
                "ip_geolocation": "",
                "minify": [],
                "mirage": "",
                "opportunistic_encryption": "",
                "origin_error_page_pass_thru": "",
                "polish": "",
                "resolve_override": "",
                "respect_strong_etag": "",
                "response_buffering": "",
                "rocket_loader": "",
                "security_level": "",
                "server_side_exclude": "",
                "sort_query_string_for_cache": "",
                "ssl": "",
                "true_client_ip_header": "",
                "waf": ""
              }
            ],
            "id": "119d62fe3881cbf8aa0dff3806ff2872",
            "priority": 1,
            "status": "active",
            "target": "https://www.findlaw-cloud-dev.com/bin/newsletters",
            "zone_id": "b8b8985303e1be08c2fa2c2c45e1ff17"
          },
          "sensitive_attributes": [],
          "private": "bnVsbA=="
        }
      ]
    },
    {
      "mode": "managed",
      "type": "cloudflare_page_rule",
      "name": "terraform_managed_resource_e437af74ebc29ab0830a63718144ec84",
      "provider": "provider[\"registry.terraform.io/cloudflare/cloudflare\"]",
      "instances": [
        {
          "schema_version": 0,
          "attributes": {
            "actions": [
              {
                "always_use_https": false,
                "automatic_https_rewrites": "",
                "browser_cache_ttl": "",
                "browser_check": "",
                "bypass_cache_on_cookie": "",
                "cache_by_device_type": "",
                "cache_deception_armor": "",
                "cache_key_fields": [],
                "cache_level": "bypass",
                "cache_on_cookie": "",
                "cache_ttl_by_status": [],
                "disable_apps": false,
                "disable_performance": false,
                "disable_railgun": false,
                "disable_security": false,
                "disable_zaraz": false,
                "edge_cache_ttl": 0,
                "email_obfuscation": "",
                "explicit_cache_control": "",
                "forwarding_url": [],
                "host_header_override": "",
                "ip_geolocation": "",
                "minify": [],
                "mirage": "",
                "opportunistic_encryption": "",
                "origin_error_page_pass_thru": "",
                "polish": "",
                "resolve_override": "",
                "respect_strong_etag": "",
                "response_buffering": "",
                "rocket_loader": "",
                "security_level": "",
                "server_side_exclude": "",
                "sort_query_string_for_cache": "",
                "ssl": "",
                "true_client_ip_header": "",
                "waf": ""
              }
            ],
            "id": "7af7d1013856851fe919e53e2f68138b",
            "priority": 16,
            "status": "active",
            "target": "www.findlaw-cloud-dev.com/wp-login.php*",
            "zone_id": "b8b8985303e1be08c2fa2c2c45e1ff17"
          },
          "sensitive_attributes": [],
          "private": "bnVsbA=="
        }
      ]
    },
    {
      "mode": "managed",
      "type": "cloudflare_page_rule",
      "name": "terraform_managed_resource_e75875fd4a30982e13491b8cb300c71d",
      "provider": "provider[\"registry.terraform.io/cloudflare/cloudflare\"]",
      "instances": [
        {
          "schema_version": 0,
          "attributes": {
            "actions": [
              {
                "always_use_https": false,
                "automatic_https_rewrites": "",
                "browser_cache_ttl": "",
                "browser_check": "",
                "bypass_cache_on_cookie": "",
                "cache_by_device_type": "",
                "cache_deception_armor": "",
                "cache_key_fields": [],
                "cache_level": "aggressive",
                "cache_on_cookie": "",
                "cache_ttl_by_status": [],
                "disable_apps": false,
                "disable_performance": false,
                "disable_railgun": false,
                "disable_security": false,
                "disable_zaraz": false,
                "edge_cache_ttl": 0,
                "email_obfuscation": "",
                "explicit_cache_control": "",
                "forwarding_url": [],
                "host_header_override": "",
                "ip_geolocation": "",
                "minify": [],
                "mirage": "",
                "opportunistic_encryption": "",
                "origin_error_page_pass_thru": "",
                "polish": "",
                "resolve_override": "",
                "respect_strong_etag": "",
                "response_buffering": "",
                "rocket_loader": "",
                "security_level": "",
                "server_side_exclude": "",
                "sort_query_string_for_cache": "",
                "ssl": "",
                "true_client_ip_header": "",
                "waf": ""
              }
            ],
            "id": "f946681b3ea1c936667f2e2ec743818d",
            "priority": 13,
            "status": "active",
            "target": "www.findlaw-cloud-dev.com/wp-includes/*",
            "zone_id": "b8b8985303e1be08c2fa2c2c45e1ff17"
          },
          "sensitive_attributes": [],
          "private": "bnVsbA=="
        }
      ]
    },
    {
      "mode": "managed",
      "type": "cloudflare_page_rule",
      "name": "terraform_managed_resource_e806cca484f433792330ebff805501eb",
      "provider": "provider[\"registry.terraform.io/cloudflare/cloudflare\"]",
      "instances": [
        {
          "schema_version": 0,
          "attributes": {
            "actions": [
              {
                "always_use_https": false,
                "automatic_https_rewrites": "",
                "browser_cache_ttl": "",
                "browser_check": "",
                "bypass_cache_on_cookie": "",
                "cache_by_device_type": "",
                "cache_deception_armor": "",
                "cache_key_fields": [],
                "cache_level": "bypass",
                "cache_on_cookie": "",
                "cache_ttl_by_status": [],
                "disable_apps": false,
                "disable_performance": false,
                "disable_railgun": false,
                "disable_security": false,
                "disable_zaraz": false,
                "edge_cache_ttl": 0,
                "email_obfuscation": "",
                "explicit_cache_control": "",
                "forwarding_url": [],
                "host_header_override": "",
                "ip_geolocation": "",
                "minify": [],
                "mirage": "",
                "opportunistic_encryption": "",
                "origin_error_page_pass_thru": "",
                "polish": "",
                "resolve_override": "",
                "respect_strong_etag": "",
                "response_buffering": "",
                "rocket_loader": "",
                "security_level": "",
                "server_side_exclude": "",
                "sort_query_string_for_cache": "",
                "ssl": "",
                "true_client_ip_header": "",
                "waf": ""
              }
            ],
            "id": "ca62ca945a434682851d49ba9b526272",
            "priority": 13,
            "status": "disabled",
            "target": "www.findlaw-cloud-dev.com/forms?*",
            "zone_id": "b8b8985303e1be08c2fa2c2c45e1ff17"
          },
          "sensitive_attributes": [],
          "private": "bnVsbA=="
        }
      ]
    },
    {
      "mode": "managed",
      "type": "cloudflare_page_rule",
      "name": "terraform_managed_resource_e839a686c1f4267a8c7e7bd1b9698d7d",
      "provider": "provider[\"registry.terraform.io/cloudflare/cloudflare\"]",
      "instances": [
        {
          "schema_version": 0,
          "attributes": {
            "actions": [
              {
                "always_use_https": false,
                "automatic_https_rewrites": "",
                "browser_cache_ttl": "",
                "browser_check": "",
                "bypass_cache_on_cookie": "",
                "cache_by_device_type": "",
                "cache_deception_armor": "",
                "cache_key_fields": [],
                "cache_level": "",
                "cache_on_cookie": "",
                "cache_ttl_by_status": [],
                "disable_apps": false,
                "disable_performance": false,
                "disable_railgun": false,
                "disable_security": false,
                "disable_zaraz": false,
                "edge_cache_ttl": 0,
                "email_obfuscation": "",
                "explicit_cache_control": "",
                "forwarding_url": [
                  {
                    "status_code": 302,
                    "url": "https://files.findlaw.com/maintenance.html"
                  }
                ],
                "host_header_override": "",
                "ip_geolocation": "",
                "minify": [],
                "mirage": "",
                "opportunistic_encryption": "",
                "origin_error_page_pass_thru": "",
                "polish": "",
                "resolve_override": "",
                "respect_strong_etag": "",
                "response_buffering": "",
                "rocket_loader": "",
                "security_level": "",
                "server_side_exclude": "",
                "sort_query_string_for_cache": "",
                "ssl": "",
                "true_client_ip_header": "",
                "waf": ""
              }
            ],
            "id": "c536a8e37fd181482bd0df64a9fde943",
            "priority": 24,
            "status": "active",
            "target": "https://findlaw-cloud-dev.com/forms*",
            "zone_id": "b8b8985303e1be08c2fa2c2c45e1ff17"
          },
          "sensitive_attributes": [],
          "private": "bnVsbA=="
        }
      ]
    },
    {
      "mode": "managed",
      "type": "cloudflare_page_rule",
      "name": "terraform_managed_resource_e99076957e89b6209fc76c630f19ea8e",
      "provider": "provider[\"registry.terraform.io/cloudflare/cloudflare\"]",
      "instances": [
        {
          "schema_version": 0,
          "attributes": {
            "actions": [
              {
                "always_use_https": false,
                "automatic_https_rewrites": "",
                "browser_cache_ttl": "",
                "browser_check": "",
                "bypass_cache_on_cookie": "",
                "cache_by_device_type": "",
                "cache_deception_armor": "",
                "cache_key_fields": [],
                "cache_level": "bypass",
                "cache_on_cookie": "",
                "cache_ttl_by_status": [],
                "disable_apps": false,
                "disable_performance": false,
                "disable_railgun": false,
                "disable_security": false,
                "disable_zaraz": false,
                "edge_cache_ttl": 0,
                "email_obfuscation": "",
                "explicit_cache_control": "",
                "forwarding_url": [],
                "host_header_override": "",
                "ip_geolocation": "",
                "minify": [],
                "mirage": "",
                "opportunistic_encryption": "",
                "origin_error_page_pass_thru": "",
                "polish": "",
                "resolve_override": "",
                "respect_strong_etag": "",
                "response_buffering": "",
                "rocket_loader": "",
                "security_level": "",
                "server_side_exclude": "",
                "sort_query_string_for_cache": "",
                "ssl": "",
                "true_client_ip_header": "",
                "waf": ""
              }
            ],
            "id": "ed042f73b63f8129babb59815714d70e",
            "priority": 2,
            "status": "active",
            "target": "www.findlaw-cloud-dev.com/wp-admin/*",
            "zone_id": "b8b8985303e1be08c2fa2c2c45e1ff17"
          },
          "sensitive_attributes": [],
          "private": "bnVsbA=="
        }
      ]
    },
    {
      "mode": "managed",
      "type": "cloudflare_page_rule",
      "name": "terraform_managed_resource_ed077c198229db4c1e5692813369d01c",
      "provider": "provider[\"registry.terraform.io/cloudflare/cloudflare\"]",
      "instances": [
        {
          "schema_version": 0,
          "attributes": {
            "actions": [
              {
                "always_use_https": false,
                "automatic_https_rewrites": "",
                "browser_cache_ttl": "",
                "browser_check": "off",
                "bypass_cache_on_cookie": "",
                "cache_by_device_type": "",
                "cache_deception_armor": "",
                "cache_key_fields": [],
                "cache_level": "bypass",
                "cache_on_cookie": "",
                "cache_ttl_by_status": [],
                "disable_apps": false,
                "disable_performance": false,
                "disable_railgun": false,
                "disable_security": false,
                "disable_zaraz": false,
                "edge_cache_ttl": 0,
                "email_obfuscation": "",
                "explicit_cache_control": "",
                "forwarding_url": [],
                "host_header_override": "",
                "ip_geolocation": "",
                "minify": [],
                "mirage": "",
                "opportunistic_encryption": "",
                "origin_error_page_pass_thru": "",
                "polish": "",
                "resolve_override": "",
                "respect_strong_etag": "",
                "response_buffering": "",
                "rocket_loader": "",
                "security_level": "",
                "server_side_exclude": "",
                "sort_query_string_for_cache": "",
                "ssl": "",
                "true_client_ip_header": "",
                "waf": ""
              }
            ],
            "id": "e1a80cad767df5668d38e1fe9f77d67c",
            "priority": 2,
            "status": "active",
            "target": "*flcas.findlaw-cloud-dev.com/*",
            "zone_id": "b8b8985303e1be08c2fa2c2c45e1ff17"
          },
          "sensitive_attributes": [],
          "private": "bnVsbA=="
        }
      ]
    },
    {
      "mode": "managed",
      "type": "cloudflare_page_rule",
      "name": "terraform_managed_resource_f56dffc420be58e42cd086f48b8710f2",
      "provider": "provider[\"registry.terraform.io/cloudflare/cloudflare\"]",
      "instances": [
        {
          "schema_version": 0,
          "attributes": {
            "actions": [
              {
                "always_use_https": false,
                "automatic_https_rewrites": "",
                "browser_cache_ttl": "",
                "browser_check": "",
                "bypass_cache_on_cookie": "",
                "cache_by_device_type": "",
                "cache_deception_armor": "",
                "cache_key_fields": [],
                "cache_level": "bypass",
                "cache_on_cookie": "",
                "cache_ttl_by_status": [],
                "disable_apps": false,
                "disable_performance": false,
                "disable_railgun": false,
                "disable_security": false,
                "disable_zaraz": false,
                "edge_cache_ttl": 0,
                "email_obfuscation": "",
                "explicit_cache_control": "",
                "forwarding_url": [],
                "host_header_override": "",
                "ip_geolocation": "",
                "minify": [],
                "mirage": "",
                "opportunistic_encryption": "",
                "origin_error_page_pass_thru": "",
                "polish": "",
                "resolve_override": "",
                "respect_strong_etag": "",
                "response_buffering": "",
                "rocket_loader": "",
                "security_level": "",
                "server_side_exclude": "",
                "sort_query_string_for_cache": "",
                "ssl": "",
                "true_client_ip_header": "",
                "waf": ""
              }
            ],
            "id": "f43633f30fe89b751bf2eeb47e42414c",
            "priority": 7,
            "status": "active",
            "target": "*ratingsapi.findlaw-cloud-dev.com/*",
            "zone_id": "b8b8985303e1be08c2fa2c2c45e1ff17"
          },
          "sensitive_attributes": [],
          "private": "bnVsbA=="
        }
      ]
    },
    {
      "mode": "managed",
      "type": "cloudflare_page_rule",
      "name": "terraform_managed_resource_fd7f99d590d25320fa950dbb0ac25577",
      "provider": "provider[\"registry.terraform.io/cloudflare/cloudflare\"]",
      "instances": [
        {
          "schema_version": 0,
          "attributes": {
            "actions": [
              {
                "always_use_https": false,
                "automatic_https_rewrites": "",
                "browser_cache_ttl": "",
                "browser_check": "",
                "bypass_cache_on_cookie": "",
                "cache_by_device_type": "",
                "cache_deception_armor": "",
                "cache_key_fields": [],
                "cache_level": "bypass",
                "cache_on_cookie": "",
                "cache_ttl_by_status": [],
                "disable_apps": false,
                "disable_performance": false,
                "disable_railgun": false,
                "disable_security": false,
                "disable_zaraz": false,
                "edge_cache_ttl": 0,
                "email_obfuscation": "",
                "explicit_cache_control": "",
                "forwarding_url": [],
                "host_header_override": "forms.findlaw-cloud-dev.com",
                "ip_geolocation": "",
                "minify": [],
                "mirage": "",
                "opportunistic_encryption": "",
                "origin_error_page_pass_thru": "",
                "polish": "",
                "resolve_override": "forms.findlaw-cloud-dev.com",
                "respect_strong_etag": "",
                "response_buffering": "",
                "rocket_loader": "",
                "security_level": "",
                "server_side_exclude": "",
                "sort_query_string_for_cache": "",
                "ssl": "",
                "true_client_ip_header": "",
                "waf": ""
              }
            ],
            "id": "eb75f2967fccc400509a5f5b67cae1f8",
            "priority": 19,
            "status": "disabled",
            "target": "www.findlaw-cloud-dev.com/forms/account/*",
            "zone_id": "b8b8985303e1be08c2fa2c2c45e1ff17"
          },
          "sensitive_attributes": [],
          "private": "bnVsbA=="
        }
      ]
    },
    {
      "mode": "managed",
      "type": "cloudflare_record",
      "name": "terraform_managed_resource_00b74e7cf1dff9c43309e2a9ee733d63",
      "provider": "provider[\"registry.terraform.io/cloudflare/cloudflare\"]",
      "instances": [
        {
          "schema_version": 2,
          "attributes": {
            "allow_overwrite": false,
            "comment": "",
            "created_on": "2024-10-15T17:24:26.550879Z",
            "data": [],
            "hostname": "_738903f29e12fad022d775f752312f10.findlaw-cloud-dev.com",
            "id": "37976d02e9388e8baf44237a1f4ea63d",
            "metadata": {
              "auto_added": "false",
              "managed_by_apps": "false",
              "managed_by_argo_tunnel": "false"
            },
            "modified_on": "2024-10-15T17:24:26.550879Z",
            "name": "_738903f29e12fad022d775f752312f10",
            "priority": null,
            "proxiable": true,
            "proxied": false,
            "tags": null,
            "timeouts": null,
            "ttl": 1,
            "type": "CNAME",
            "value": "41e0e2a5e41f11d5dae3c133acfbe61d.7da5938d19f69fb71031fddc158fb4a1.sectigo.com",
            "zone_id": "b8b8985303e1be08c2fa2c2c45e1ff17"
          },
          "sensitive_attributes": [],
          "private": "eyJlMmJmYjczMC1lY2FhLTExZTYtOGY4OC0zNDM2M2JjN2M0YzAiOnsiY3JlYXRlIjozMDAwMDAwMDAwMCwidXBkYXRlIjozMDAwMDAwMDAwMH0sInNjaGVtYV92ZXJzaW9uIjoiMiJ9"
        }
      ]
    },
    {
      "mode": "managed",
      "type": "cloudflare_record",
      "name": "terraform_managed_resource_0becef8dd69d56e28044d5409aeae572",
      "provider": "provider[\"registry.terraform.io/cloudflare/cloudflare\"]",
      "instances": [
        {
          "schema_version": 2,
          "attributes": {
            "allow_overwrite": false,
            "comment": "",
            "created_on": "2024-10-15T17:24:26.046776Z",
            "data": [],
            "hostname": "commonlaw.findlaw-cloud-dev.com",
            "id": "f14cb08c94a968246ac857a8dcf41851",
            "metadata": {
              "auto_added": "false",
              "managed_by_apps": "false",
              "managed_by_argo_tunnel": "false"
            },
            "modified_on": "2024-10-15T17:24:26.046776Z",
            "name": "commonlaw",
            "priority": null,
            "proxiable": true,
            "proxied": true,
            "tags": null,
            "timeouts": null,
            "ttl": 1,
            "type": "CNAME",
            "value": "abilitydev.wpengine.com",
            "zone_id": "b8b8985303e1be08c2fa2c2c45e1ff17"
          },
          "sensitive_attributes": [],
          "private": "eyJlMmJmYjczMC1lY2FhLTExZTYtOGY4OC0zNDM2M2JjN2M0YzAiOnsiY3JlYXRlIjozMDAwMDAwMDAwMCwidXBkYXRlIjozMDAwMDAwMDAwMH0sInNjaGVtYV92ZXJzaW9uIjoiMiJ9"
        }
      ]
    },
    {
      "mode": "managed",
      "type": "cloudflare_record",
      "name": "terraform_managed_resource_12eee6c4f4c02b998ed406274ffef330",
      "provider": "provider[\"registry.terraform.io/cloudflare/cloudflare\"]",
      "instances": [
        {
          "schema_version": 2,
          "attributes": {
            "allow_overwrite": false,
            "comment": "",
            "created_on": "2024-10-15T17:24:14.074969Z",
            "data": [],
            "hostname": "ratingsandreviewsadmin.findlaw-cloud-dev.com",
            "id": "b1679e39fa5d3aa8408fa3060dafc20c",
            "metadata": {
              "auto_added": "false",
              "managed_by_apps": "false",
              "managed_by_argo_tunnel": "false"
            },
            "modified_on": "2024-10-15T17:24:14.074969Z",
            "name": "ratingsandreviewsadmin",
            "priority": null,
            "proxiable": true,
            "proxied": true,
            "tags": null,
            "timeouts": null,
            "ttl": 1,
            "type": "CNAME",
            "value": "d162ork9aqw314.cloudfront.net",
            "zone_id": "b8b8985303e1be08c2fa2c2c45e1ff17"
          },
          "sensitive_attributes": [],
          "private": "eyJlMmJmYjczMC1lY2FhLTExZTYtOGY4OC0zNDM2M2JjN2M0YzAiOnsiY3JlYXRlIjozMDAwMDAwMDAwMCwidXBkYXRlIjozMDAwMDAwMDAwMH0sInNjaGVtYV92ZXJzaW9uIjoiMiJ9"
        }
      ]
    },
    {
      "mode": "managed",
      "type": "cloudflare_record",
      "name": "terraform_managed_resource_1aad08ec2c7a21884b6a82fb31f23e83",
      "provider": "provider[\"registry.terraform.io/cloudflare/cloudflare\"]",
      "instances": [
        {
          "schema_version": 2,
          "attributes": {
            "allow_overwrite": false,
            "comment": "",
            "created_on": "2024-10-15T17:24:05.578545Z",
            "data": [],
            "hostname": "adsmanagement.findlaw-cloud-dev.com",
            "id": "9d5dfc4c0b04f0c29ab426ae4acca44a",
            "metadata": {
              "auto_added": "false",
              "managed_by_apps": "false",
              "managed_by_argo_tunnel": "false"
            },
            "modified_on": "2024-10-15T17:24:05.578545Z",
            "name": "adsmanagement",
            "priority": null,
            "proxiable": true,
            "proxied": false,
            "tags": null,
            "timeouts": null,
            "ttl": 1,
            "type": "CNAME",
            "value": "adsmgmt-fldir-main-ci-use1.1129.aws.thomsonreuters.com",
            "zone_id": "b8b8985303e1be08c2fa2c2c45e1ff17"
          },
          "sensitive_attributes": [],
          "private": "eyJlMmJmYjczMC1lY2FhLTExZTYtOGY4OC0zNDM2M2JjN2M0YzAiOnsiY3JlYXRlIjozMDAwMDAwMDAwMCwidXBkYXRlIjozMDAwMDAwMDAwMH0sInNjaGVtYV92ZXJzaW9uIjoiMiJ9"
        }
      ]
    },
    {
      "mode": "managed",
      "type": "cloudflare_record",
      "name": "terraform_managed_resource_1fcee13f9c5e3cbaef758862d54712c0",
      "provider": "provider[\"registry.terraform.io/cloudflare/cloudflare\"]",
      "instances": [
        {
          "schema_version": 2,
          "attributes": {
            "allow_overwrite": false,
            "comment": "",
            "created_on": "2024-10-15T17:24:58.815195Z",
            "data": [],
            "hostname": "stats2.findlaw-cloud-dev.com",
            "id": "42b171e5135e0f4384ae3af1e3db0ada",
            "metadata": {
              "auto_added": "false",
              "managed_by_apps": "false",
              "managed_by_argo_tunnel": "false"
            },
            "modified_on": "2024-10-15T17:24:58.815195Z",
            "name": "stats2",
            "priority": null,
            "proxiable": true,
            "proxied": true,
            "tags": null,
            "timeouts": null,
            "ttl": 1,
            "type": "CNAME",
            "value": "stats-fldir-main-ci-use1.1129.aws.thomsonreuters.com",
            "zone_id": "b8b8985303e1be08c2fa2c2c45e1ff17"
          },
          "sensitive_attributes": [],
          "private": "eyJlMmJmYjczMC1lY2FhLTExZTYtOGY4OC0zNDM2M2JjN2M0YzAiOnsiY3JlYXRlIjozMDAwMDAwMDAwMCwidXBkYXRlIjozMDAwMDAwMDAwMH0sInNjaGVtYV92ZXJzaW9uIjoiMiJ9"
        }
      ]
    },
    {
      "mode": "managed",
      "type": "cloudflare_record",
      "name": "terraform_managed_resource_2567a5784a7187c1cfd4c3f986fb57e1",
      "provider": "provider[\"registry.terraform.io/cloudflare/cloudflare\"]",
      "instances": [
        {
          "schema_version": 2,
          "attributes": {
            "allow_overwrite": false,
            "comment": "",
            "created_on": "2024-10-15T17:24:27.307344Z",
            "data": [],
            "hostname": "fweb.findlaw-cloud-dev.com",
            "id": "9fb6d407d52faca689cdd7ec13f28dad",
            "metadata": {
              "auto_added": "false",
              "managed_by_apps": "false",
              "managed_by_argo_tunnel": "false"
            },
            "modified_on": "2024-10-15T17:24:27.307344Z",
            "name": "fweb",
            "priority": null,
            "proxiable": true,
            "proxied": true,
            "tags": null,
            "timeouts": null,
            "ttl": 1,
            "type": "CNAME",
            "value": "d2e72ilkz3m81c.cloudfront.net",
            "zone_id": "b8b8985303e1be08c2fa2c2c45e1ff17"
          },
          "sensitive_attributes": [],
          "private": "eyJlMmJmYjczMC1lY2FhLTExZTYtOGY4OC0zNDM2M2JjN2M0YzAiOnsiY3JlYXRlIjozMDAwMDAwMDAwMCwidXBkYXRlIjozMDAwMDAwMDAwMH0sInNjaGVtYV92ZXJzaW9uIjoiMiJ9"
        }
      ]
    },
    {
      "mode": "managed",
      "type": "cloudflare_record",
      "name": "terraform_managed_resource_2b813bf5f63e7fa718f598fcd2d0b467",
      "provider": "provider[\"registry.terraform.io/cloudflare/cloudflare\"]",
      "instances": [
        {
          "schema_version": 2,
          "attributes": {
            "allow_overwrite": false,
            "comment": "",
            "created_on": "2024-10-15T17:24:27.551261Z",
            "data": [],
            "hostname": "justice.findlaw-cloud-dev.com",
            "id": "9f10c43f4a8233da2541a3de8823e456",
            "metadata": {
              "auto_added": "false",
              "managed_by_apps": "false",
              "managed_by_argo_tunnel": "false"
            },
            "modified_on": "2024-10-15T17:24:27.551261Z",
            "name": "justice",
            "priority": null,
            "proxiable": true,
            "proxied": true,
            "tags": null,
            "timeouts": null,
            "ttl": 1,
            "type": "CNAME",
            "value": "d2e72ilkz3m81c.cloudfront.net",
            "zone_id": "b8b8985303e1be08c2fa2c2c45e1ff17"
          },
          "sensitive_attributes": [],
          "private": "eyJlMmJmYjczMC1lY2FhLTExZTYtOGY4OC0zNDM2M2JjN2M0YzAiOnsiY3JlYXRlIjozMDAwMDAwMDAwMCwidXBkYXRlIjozMDAwMDAwMDAwMH0sInNjaGVtYV92ZXJzaW9uIjoiMiJ9"
        }
      ]
    },
    {
      "mode": "managed",
      "type": "cloudflare_record",
      "name": "terraform_managed_resource_2eb0c17a1c783535b4d9895c6979779b",
      "provider": "provider[\"registry.terraform.io/cloudflare/cloudflare\"]",
      "instances": [
        {
          "schema_version": 2,
          "attributes": {
            "allow_overwrite": false,
            "comment": "",
            "created_on": "2024-10-15T17:24:48.05064Z",
            "data": [],
            "hostname": "reputationadmin.findlaw-cloud-dev.com",
            "id": "76fbe4e262b1a4d3078fc1111a05c66d",
            "metadata": {
              "auto_added": "false",
              "managed_by_apps": "false",
              "managed_by_argo_tunnel": "false"
            },
            "modified_on": "2024-10-15T17:24:48.05064Z",
            "name": "reputationadmin",
            "priority": null,
            "proxiable": true,
            "proxied": true,
            "tags": null,
            "timeouts": null,
            "ttl": 1,
            "type": "CNAME",
            "value": "d1dsmxx8qzr8xv.cloudfront.net",
            "zone_id": "b8b8985303e1be08c2fa2c2c45e1ff17"
          },
          "sensitive_attributes": [],
          "private": "eyJlMmJmYjczMC1lY2FhLTExZTYtOGY4OC0zNDM2M2JjN2M0YzAiOnsiY3JlYXRlIjozMDAwMDAwMDAwMCwidXBkYXRlIjozMDAwMDAwMDAwMH0sInNjaGVtYV92ZXJzaW9uIjoiMiJ9"
        }
      ]
    },
    {
      "mode": "managed",
      "type": "cloudflare_record",
      "name": "terraform_managed_resource_33fe42565f77d60b6b54797ffe0f4020",
      "provider": "provider[\"registry.terraform.io/cloudflare/cloudflare\"]",
      "instances": [
        {
          "schema_version": 2,
          "attributes": {
            "allow_overwrite": false,
            "comment": "",
            "created_on": "2024-10-15T17:24:06.822927Z",
            "data": [],
            "hostname": "flcas.findlaw-cloud-dev.com",
            "id": "54d8d10592fe76568b02590c4df0c49c",
            "metadata": {
              "auto_added": "false",
              "managed_by_apps": "false",
              "managed_by_argo_tunnel": "false"
            },
            "modified_on": "2024-10-15T17:24:06.822927Z",
            "name": "flcas",
            "priority": null,
            "proxiable": true,
            "proxied": true,
            "tags": null,
            "timeouts": null,
            "ttl": 1,
            "type": "CNAME",
            "value": "flcas-fltech-main-ci-use1.1129.aws.thomsonreuters.com",
            "zone_id": "b8b8985303e1be08c2fa2c2c45e1ff17"
          },
          "sensitive_attributes": [],
          "private": "eyJlMmJmYjczMC1lY2FhLTExZTYtOGY4OC0zNDM2M2JjN2M0YzAiOnsiY3JlYXRlIjozMDAwMDAwMDAwMCwidXBkYXRlIjozMDAwMDAwMDAwMH0sInNjaGVtYV92ZXJzaW9uIjoiMiJ9"
        }
      ]
    },
    {
      "mode": "managed",
      "type": "cloudflare_record",
      "name": "terraform_managed_resource_3d4816b3d20ec5f187c4a416bab53bc5",
      "provider": "provider[\"registry.terraform.io/cloudflare/cloudflare\"]",
      "instances": [
        {
          "schema_version": 2,
          "attributes": {
            "allow_overwrite": false,
            "comment": "",
            "created_on": "2024-10-15T17:24:35.824497Z",
            "data": [],
            "hostname": "adserver.findlaw-cloud-dev.com",
            "id": "cc397bc16d7b03fcb33e88a1c23d9f21",
            "metadata": {
              "auto_added": "false",
              "managed_by_apps": "false",
              "managed_by_argo_tunnel": "false"
            },
            "modified_on": "2024-10-15T17:24:35.824497Z",
            "name": "adserver",
            "priority": null,
            "proxiable": true,
            "proxied": true,
            "tags": null,
            "timeouts": null,
            "ttl": 1,
            "type": "CNAME",
            "value": "adserver-fldir-main-ci-use1.1129.aws.thomsonreuters.com",
            "zone_id": "b8b8985303e1be08c2fa2c2c45e1ff17"
          },
          "sensitive_attributes": [],
          "private": "eyJlMmJmYjczMC1lY2FhLTExZTYtOGY4OC0zNDM2M2JjN2M0YzAiOnsiY3JlYXRlIjozMDAwMDAwMDAwMCwidXBkYXRlIjozMDAwMDAwMDAwMH0sInNjaGVtYV92ZXJzaW9uIjoiMiJ9"
        }
      ]
    },
    {
      "mode": "managed",
      "type": "cloudflare_record",
      "name": "terraform_managed_resource_480af57ab5da1c08eea752cbadca6765",
      "provider": "provider[\"registry.terraform.io/cloudflare/cloudflare\"]",
      "instances": [
        {
          "schema_version": 2,
          "attributes": {
            "allow_overwrite": false,
            "comment": "",
            "created_on": "2024-10-15T17:24:11.995724Z",
            "data": [],
            "hostname": "_dmarc.findlaw-cloud-dev.com",
            "id": "74f2277140892b62a59f5a78f2765db5",
            "metadata": {
              "auto_added": "false",
              "managed_by_apps": "false",
              "managed_by_argo_tunnel": "false"
            },
            "modified_on": "2024-10-15T17:24:11.995724Z",
            "name": "_dmarc",
            "priority": null,
            "proxiable": false,
            "proxied": false,
            "tags": null,
            "timeouts": null,
            "ttl": 1,
            "type": "TXT",
            "value": "v=DMARC1; p=reject; sp=reject; aspf=s; pct=100",
            "zone_id": "b8b8985303e1be08c2fa2c2c45e1ff17"
          },
          "sensitive_attributes": [],
          "private": "eyJlMmJmYjczMC1lY2FhLTExZTYtOGY4OC0zNDM2M2JjN2M0YzAiOnsiY3JlYXRlIjozMDAwMDAwMDAwMCwidXBkYXRlIjozMDAwMDAwMDAwMH0sInNjaGVtYV92ZXJzaW9uIjoiMiJ9"
        }
      ]
    },
    {
      "mode": "managed",
      "type": "cloudflare_record",
      "name": "terraform_managed_resource_5ce84d19d9e25fe9fc0a622cc3e9a46f",
      "provider": "provider[\"registry.terraform.io/cloudflare/cloudflare\"]",
      "instances": [
        {
          "schema_version": 2,
          "attributes": {
            "allow_overwrite": false,
            "comment": "",
            "created_on": "2024-10-15T17:24:25.798704Z",
            "data": [],
            "hostname": "blogs.findlaw-cloud-dev.com",
            "id": "0f2870881c00bb53cad8958e00904961",
            "metadata": {
              "auto_added": "false",
              "managed_by_apps": "false",
              "managed_by_argo_tunnel": "false"
            },
            "modified_on": "2024-10-15T17:24:25.798704Z",
            "name": "blogs",
            "priority": null,
            "proxiable": true,
            "proxied": true,
            "tags": null,
            "timeouts": null,
            "ttl": 1,
            "type": "CNAME",
            "value": "abilitydev.wpengine.com",
            "zone_id": "b8b8985303e1be08c2fa2c2c45e1ff17"
          },
          "sensitive_attributes": [],
          "private": "eyJlMmJmYjczMC1lY2FhLTExZTYtOGY4OC0zNDM2M2JjN2M0YzAiOnsiY3JlYXRlIjozMDAwMDAwMDAwMCwidXBkYXRlIjozMDAwMDAwMDAwMH0sInNjaGVtYV92ZXJzaW9uIjoiMiJ9"
        }
      ]
    },
    {
      "mode": "managed",
      "type": "cloudflare_record",
      "name": "terraform_managed_resource_638b4687c73a572144e8a761a9c5d9b4",
      "provider": "provider[\"registry.terraform.io/cloudflare/cloudflare\"]",
      "instances": [
        {
          "schema_version": 2,
          "attributes": {
            "allow_overwrite": false,
            "comment": "",
            "created_on": "2024-10-15T17:24:53.043796Z",
            "data": [],
            "hostname": "files.findlaw-cloud-dev.com",
            "id": "e7e6c4e8dfe2618a1d8ff636fac70b92",
            "metadata": {
              "auto_added": "false",
              "managed_by_apps": "false",
              "managed_by_argo_tunnel": "false"
            },
            "modified_on": "2024-10-15T17:24:53.043796Z",
            "name": "files",
            "priority": null,
            "proxiable": true,
            "proxied": true,
            "tags": null,
            "timeouts": null,
            "ttl": 1,
            "type": "CNAME",
            "value": "d3j0810e9zxqg7.cloudfront.net",
            "zone_id": "b8b8985303e1be08c2fa2c2c45e1ff17"
          },
          "sensitive_attributes": [],
          "private": "eyJlMmJmYjczMC1lY2FhLTExZTYtOGY4OC0zNDM2M2JjN2M0YzAiOnsiY3JlYXRlIjozMDAwMDAwMDAwMCwidXBkYXRlIjozMDAwMDAwMDAwMH0sInNjaGVtYV92ZXJzaW9uIjoiMiJ9"
        }
      ]
    },
    {
      "mode": "managed",
      "type": "cloudflare_record",
      "name": "terraform_managed_resource_6586201bad6282ebe9ddcc80620a2fd4",
      "provider": "provider[\"registry.terraform.io/cloudflare/cloudflare\"]",
      "instances": [
        {
          "schema_version": 2,
          "attributes": {
            "allow_overwrite": false,
            "comment": "",
            "created_on": "2024-10-15T17:24:41.048581Z",
            "data": [],
            "hostname": "reputationapi.findlaw-cloud-dev.com",
            "id": "e69a7a69339c06014c73e38df543141e",
            "metadata": {
              "auto_added": "false",
              "managed_by_apps": "false",
              "managed_by_argo_tunnel": "false"
            },
            "modified_on": "2024-10-15T17:24:41.048581Z",
            "name": "reputationapi",
            "priority": null,
            "proxiable": true,
            "proxied": true,
            "tags": null,
            "timeouts": null,
            "ttl": 1,
            "type": "CNAME",
            "value": "reptationapi-fldir-main-ci-use1.1129.aws.thomsonreuters.com",
            "zone_id": "b8b8985303e1be08c2fa2c2c45e1ff17"
          },
          "sensitive_attributes": [],
          "private": "eyJlMmJmYjczMC1lY2FhLTExZTYtOGY4OC0zNDM2M2JjN2M0YzAiOnsiY3JlYXRlIjozMDAwMDAwMDAwMCwidXBkYXRlIjozMDAwMDAwMDAwMH0sInNjaGVtYV92ZXJzaW9uIjoiMiJ9"
        }
      ]
    },
    {
      "mode": "managed",
      "type": "cloudflare_record",
      "name": "terraform_managed_resource_667d7c82587b31f4f9a163cd2a417c10",
      "provider": "provider[\"registry.terraform.io/cloudflare/cloudflare\"]",
      "instances": [
        {
          "schema_version": 2,
          "attributes": {
            "allow_overwrite": false,
            "comment": "",
            "created_on": "2024-10-15T17:24:16.06545Z",
            "data": [],
            "hostname": "profileupdate.findlaw-cloud-dev.com",
            "id": "e9ae16d054e1af6c5f0b343bba3a9317",
            "metadata": {
              "auto_added": "false",
              "managed_by_apps": "false",
              "managed_by_argo_tunnel": "false"
            },
            "modified_on": "2024-10-15T17:24:16.06545Z",
            "name": "profileupdate",
            "priority": null,
            "proxiable": true,
            "proxied": true,
            "tags": null,
            "timeouts": null,
            "ttl": 1,
            "type": "CNAME",
            "value": "wp.wpenginepowered.com",
            "zone_id": "b8b8985303e1be08c2fa2c2c45e1ff17"
          },
          "sensitive_attributes": [],
          "private": "eyJlMmJmYjczMC1lY2FhLTExZTYtOGY4OC0zNDM2M2JjN2M0YzAiOnsiY3JlYXRlIjozMDAwMDAwMDAwMCwidXBkYXRlIjozMDAwMDAwMDAwMH0sInNjaGVtYV92ZXJzaW9uIjoiMiJ9"
        }
      ]
    },
    {
      "mode": "managed",
      "type": "cloudflare_record",
      "name": "terraform_managed_resource_6c308e0edf7cd74103ecf79b981aa72c",
      "provider": "provider[\"registry.terraform.io/cloudflare/cloudflare\"]",
      "instances": [
        {
          "schema_version": 2,
          "attributes": {
            "allow_overwrite": false,
            "comment": "",
            "created_on": "2024-10-15T17:24:45.297468Z",
            "data": [],
            "hostname": "pu-green.findlaw-cloud-dev.com",
            "id": "a757c31792fddd12ec5fa756fcc974f6",
            "metadata": {
              "auto_added": "false",
              "managed_by_apps": "false",
              "managed_by_argo_tunnel": "false"
            },
            "modified_on": "2024-10-15T17:24:45.297468Z",
            "name": "pu-green",
            "priority": null,
            "proxiable": true,
            "proxied": true,
            "tags": null,
            "timeouts": null,
            "ttl": 1,
            "type": "CNAME",
            "value": "d6w4yppcq6ggo.cloudfront.net",
            "zone_id": "b8b8985303e1be08c2fa2c2c45e1ff17"
          },
          "sensitive_attributes": [],
          "private": "eyJlMmJmYjczMC1lY2FhLTExZTYtOGY4OC0zNDM2M2JjN2M0YzAiOnsiY3JlYXRlIjozMDAwMDAwMDAwMCwidXBkYXRlIjozMDAwMDAwMDAwMH0sInNjaGVtYV92ZXJzaW9uIjoiMiJ9"
        }
      ]
    },
    {
      "mode": "managed",
      "type": "cloudflare_record",
      "name": "terraform_managed_resource_709fb4c20e3d8cd308796ef2505ebfa6",
      "provider": "provider[\"registry.terraform.io/cloudflare/cloudflare\"]",
      "instances": [
        {
          "schema_version": 2,
          "attributes": {
            "allow_overwrite": false,
            "comment": "",
            "created_on": "2024-10-15T17:24:05.817427Z",
            "data": [],
            "hostname": "_fa72384c0c69fb3379facbc1df048d58.findlaw-cloud-dev.com",
            "id": "1da33f656a8bab4099c75dded37e9a9f",
            "metadata": {
              "auto_added": "false",
              "managed_by_apps": "false",
              "managed_by_argo_tunnel": "false"
            },
            "modified_on": "2024-10-15T17:24:05.817427Z",
            "name": "_fa72384c0c69fb3379facbc1df048d58",
            "priority": null,
            "proxiable": true,
            "proxied": false,
            "tags": null,
            "timeouts": null,
            "ttl": 1,
            "type": "CNAME",
            "value": "c4f509ed72406286a60a5976ce060f66.fe84e91633eb892e207c2ff31b3692fd.sectigo.com",
            "zone_id": "b8b8985303e1be08c2fa2c2c45e1ff17"
          },
          "sensitive_attributes": [],
          "private": "eyJlMmJmYjczMC1lY2FhLTExZTYtOGY4OC0zNDM2M2JjN2M0YzAiOnsiY3JlYXRlIjozMDAwMDAwMDAwMCwidXBkYXRlIjozMDAwMDAwMDAwMH0sInNjaGVtYV92ZXJzaW9uIjoiMiJ9"
        }
      ]
    },
    {
      "mode": "managed",
      "type": "cloudflare_record",
      "name": "terraform_managed_resource_7d629dd2484cddf621c7143ffe8e2577",
      "provider": "provider[\"registry.terraform.io/cloudflare/cloudflare\"]",
      "instances": [
        {
          "schema_version": 2,
          "attributes": {
            "allow_overwrite": false,
            "comment": "",
            "created_on": "2024-10-15T17:24:37.565812Z",
            "data": [],
            "hostname": "ratingsapi.findlaw-cloud-dev.com",
            "id": "cdf9a37fb0b179d2c87c8236e4874e40",
            "metadata": {
              "auto_added": "false",
              "managed_by_apps": "false",
              "managed_by_argo_tunnel": "false"
            },
            "modified_on": "2024-10-15T17:24:37.565812Z",
            "name": "ratingsapi",
            "priority": null,
            "proxiable": true,
            "proxied": true,
            "tags": null,
            "timeouts": null,
            "ttl": 1,
            "type": "CNAME",
            "value": "ratingsapi-fldir-main-ci-use1.1129.aws.thomsonreuters.com",
            "zone_id": "b8b8985303e1be08c2fa2c2c45e1ff17"
          },
          "sensitive_attributes": [],
          "private": "eyJlMmJmYjczMC1lY2FhLTExZTYtOGY4OC0zNDM2M2JjN2M0YzAiOnsiY3JlYXRlIjozMDAwMDAwMDAwMCwidXBkYXRlIjozMDAwMDAwMDAwMH0sInNjaGVtYV92ZXJzaW9uIjoiMiJ9"
        }
      ]
    },
    {
      "mode": "managed",
      "type": "cloudflare_record",
      "name": "terraform_managed_resource_807a651a533420ff4e66f51497025b6a",
      "provider": "provider[\"registry.terraform.io/cloudflare/cloudflare\"]",
      "instances": [
        {
          "schema_version": 2,
          "attributes": {
            "allow_overwrite": false,
            "comment": "",
            "created_on": "2024-10-15T17:24:47.314968Z",
            "data": [],
            "hostname": "attorneys.findlaw-cloud-dev.com",
            "id": "880e65bab5fd6ec10ff899ccc22cb800",
            "metadata": {
              "auto_added": "false",
              "managed_by_apps": "false",
              "managed_by_argo_tunnel": "false"
            },
            "modified_on": "2024-10-15T17:24:47.314968Z",
            "name": "attorneys",
            "priority": null,
            "proxiable": true,
            "proxied": true,
            "tags": null,
            "timeouts": null,
            "ttl": 1,
            "type": "CNAME",
            "value": "findlaw-dev.com",
            "zone_id": "b8b8985303e1be08c2fa2c2c45e1ff17"
          },
          "sensitive_attributes": [],
          "private": "eyJlMmJmYjczMC1lY2FhLTExZTYtOGY4OC0zNDM2M2JjN2M0YzAiOnsiY3JlYXRlIjozMDAwMDAwMDAwMCwidXBkYXRlIjozMDAwMDAwMDAwMH0sInNjaGVtYV92ZXJzaW9uIjoiMiJ9"
        }
      ]
    },
    {
      "mode": "managed",
      "type": "cloudflare_record",
      "name": "terraform_managed_resource_89ddaf10138e23d035efd8b87022f03e",
      "provider": "provider[\"registry.terraform.io/cloudflare/cloudflare\"]",
      "instances": [
        {
          "schema_version": 2,
          "attributes": {
            "allow_overwrite": false,
            "comment": "",
            "created_on": "2024-10-15T17:24:42.559497Z",
            "data": [],
            "hostname": "pu.findlaw-cloud-dev.com",
            "id": "fc53a48cf0212e419cca1cd20ce631d6",
            "metadata": {
              "auto_added": "false",
              "managed_by_apps": "false",
              "managed_by_argo_tunnel": "false"
            },
            "modified_on": "2024-10-15T17:24:42.559497Z",
            "name": "pu",
            "priority": null,
            "proxiable": true,
            "proxied": true,
            "tags": null,
            "timeouts": null,
            "ttl": 1,
            "type": "CNAME",
            "value": "ldprofileupdate-fldir-main-ci-use1.1129.aws.thomsonreuters.com",
            "zone_id": "b8b8985303e1be08c2fa2c2c45e1ff17"
          },
          "sensitive_attributes": [],
          "private": "eyJlMmJmYjczMC1lY2FhLTExZTYtOGY4OC0zNDM2M2JjN2M0YzAiOnsiY3JlYXRlIjozMDAwMDAwMDAwMCwidXBkYXRlIjozMDAwMDAwMDAwMH0sInNjaGVtYV92ZXJzaW9uIjoiMiJ9"
        }
      ]
    },
    {
      "mode": "managed",
      "type": "cloudflare_record",
      "name": "terraform_managed_resource_8ae20cb01351c6bbd4c0ef367525544e",
      "provider": "provider[\"registry.terraform.io/cloudflare/cloudflare\"]",
      "instances": [
        {
          "schema_version": 2,
          "attributes": {
            "allow_overwrite": false,
            "comment": "",
            "created_on": "2024-10-15T17:24:46.076269Z",
            "data": [],
            "hostname": "images.findlaw-cloud-dev.com",
            "id": "3c7df3a352538d61dabd35341a6a9481",
            "metadata": {
              "auto_added": "false",
              "managed_by_apps": "false",
              "managed_by_argo_tunnel": "false"
            },
            "modified_on": "2024-10-15T17:24:46.076269Z",
            "name": "images",
            "priority": null,
            "proxiable": true,
            "proxied": true,
            "tags": null,
            "timeouts": null,
            "ttl": 1,
            "type": "CNAME",
            "value": "d2e72ilkz3m81c.cloudfront.net",
            "zone_id": "b8b8985303e1be08c2fa2c2c45e1ff17"
          },
          "sensitive_attributes": [],
          "private": "eyJlMmJmYjczMC1lY2FhLTExZTYtOGY4OC0zNDM2M2JjN2M0YzAiOnsiY3JlYXRlIjozMDAwMDAwMDAwMCwidXBkYXRlIjozMDAwMDAwMDAwMH0sInNjaGVtYV92ZXJzaW9uIjoiMiJ9"
        }
      ]
    },
    {
      "mode": "managed",
      "type": "cloudflare_record",
      "name": "terraform_managed_resource_8e94f7a4f79275de22a8131571d313f7",
      "provider": "provider[\"registry.terraform.io/cloudflare/cloudflare\"]",
      "instances": [
        {
          "schema_version": 2,
          "attributes": {
            "allow_overwrite": false,
            "comment": "",
            "created_on": "2024-10-15T17:24:18.818447Z",
            "data": [],
            "hostname": "www.findlaw-cloud-dev.com",
            "id": "7ddd2576c133f6af2a7bf374f5a47f11",
            "metadata": {
              "auto_added": "false",
              "managed_by_apps": "false",
              "managed_by_argo_tunnel": "false"
            },
            "modified_on": "2024-10-15T17:24:18.818447Z",
            "name": "www",
            "priority": null,
            "proxiable": true,
            "proxied": true,
            "tags": null,
            "timeouts": null,
            "ttl": 1,
            "type": "CNAME",
            "value": "abilitydev.wpengine.com",
            "zone_id": "b8b8985303e1be08c2fa2c2c45e1ff17"
          },
          "sensitive_attributes": [],
          "private": "eyJlMmJmYjczMC1lY2FhLTExZTYtOGY4OC0zNDM2M2JjN2M0YzAiOnsiY3JlYXRlIjozMDAwMDAwMDAwMCwidXBkYXRlIjozMDAwMDAwMDAwMH0sInNjaGVtYV92ZXJzaW9uIjoiMiJ9"
        }
      ]
    },
    {
      "mode": "managed",
      "type": "cloudflare_record",
      "name": "terraform_managed_resource_ad5bde2a111b4a1d6b97586f3c156dcb",
      "provider": "provider[\"registry.terraform.io/cloudflare/cloudflare\"]",
      "instances": [
        {
          "schema_version": 2,
          "attributes": {
            "allow_overwrite": false,
            "comment": "wp.wpenginepowered.com",
            "created_on": "2024-10-15T17:24:42.305804Z",
            "data": [],
            "hostname": "lawyermarketing.findlaw-cloud-dev.com",
            "id": "c4142c4ac2093784ea64be4900556c53",
            "metadata": {
              "auto_added": "false",
              "managed_by_apps": "false",
              "managed_by_argo_tunnel": "false"
            },
            "modified_on": "2024-10-15T17:24:42.305804Z",
            "name": "lawyermarketing",
            "priority": null,
            "proxiable": true,
            "proxied": true,
            "tags": null,
            "timeouts": null,
            "ttl": 1,
            "type": "CNAME",
            "value": "abilitydev.wpenginepowered.com",
            "zone_id": "b8b8985303e1be08c2fa2c2c45e1ff17"
          },
          "sensitive_attributes": [],
          "private": "eyJlMmJmYjczMC1lY2FhLTExZTYtOGY4OC0zNDM2M2JjN2M0YzAiOnsiY3JlYXRlIjozMDAwMDAwMDAwMCwidXBkYXRlIjozMDAwMDAwMDAwMH0sInNjaGVtYV92ZXJzaW9uIjoiMiJ9"
        }
      ]
    },
    {
      "mode": "managed",
      "type": "cloudflare_record",
      "name": "terraform_managed_resource_b337ec446141b01c8fc7603fe083f270",
      "provider": "provider[\"registry.terraform.io/cloudflare/cloudflare\"]",
      "instances": [
        {
          "schema_version": 2,
          "attributes": {
            "allow_overwrite": false,
            "comment": "",
            "created_on": "2024-10-15T17:24:31.303159Z",
            "data": [],
            "hostname": "findlaw-cloud-dev.com",
            "id": "ffcc5a6a49b309757dca55649af358c2",
            "metadata": {
              "auto_added": "false",
              "managed_by_apps": "false",
              "managed_by_argo_tunnel": "false"
            },
            "modified_on": "2024-10-15T17:24:31.303159Z",
            "name": "findlaw-cloud-dev.com",
            "priority": null,
            "proxiable": false,
            "proxied": false,
            "tags": null,
            "timeouts": null,
            "ttl": 1,
            "type": "TXT",
            "value": "v=spf1 -all",
            "zone_id": "b8b8985303e1be08c2fa2c2c45e1ff17"
          },
          "sensitive_attributes": [],
          "private": "eyJlMmJmYjczMC1lY2FhLTExZTYtOGY4OC0zNDM2M2JjN2M0YzAiOnsiY3JlYXRlIjozMDAwMDAwMDAwMCwidXBkYXRlIjozMDAwMDAwMDAwMH0sInNjaGVtYV92ZXJzaW9uIjoiMiJ9"
        }
      ]
    },
    {
      "mode": "managed",
      "type": "cloudflare_record",
      "name": "terraform_managed_resource_c75aa903bbc729b314ddf7cebf9aa866",
      "provider": "provider[\"registry.terraform.io/cloudflare/cloudflare\"]",
      "instances": [
        {
          "schema_version": 2,
          "attributes": {
            "allow_overwrite": false,
            "comment": "",
            "created_on": "2024-10-15T17:24:07.568746Z",
            "data": [],
            "hostname": "lawyers.findlaw-cloud-dev.com",
            "id": "ec5a3b52022f93e103644319a0ce0540",
            "metadata": {
              "auto_added": "false",
              "managed_by_apps": "false",
              "managed_by_argo_tunnel": "false"
            },
            "modified_on": "2024-10-15T17:24:07.568746Z",
            "name": "lawyers",
            "priority": null,
            "proxiable": true,
            "proxied": true,
            "tags": null,
            "timeouts": null,
            "ttl": 1,
            "type": "CNAME",
            "value": "directory-fldir-main-ci-use1.1129.aws.thomsonreuters.com",
            "zone_id": "b8b8985303e1be08c2fa2c2c45e1ff17"
          },
          "sensitive_attributes": [],
          "private": "eyJlMmJmYjczMC1lY2FhLTExZTYtOGY4OC0zNDM2M2JjN2M0YzAiOnsiY3JlYXRlIjozMDAwMDAwMDAwMCwidXBkYXRlIjozMDAwMDAwMDAwMH0sInNjaGVtYV92ZXJzaW9uIjoiMiJ9"
        }
      ]
    },
    {
      "mode": "managed",
      "type": "cloudflare_record",
      "name": "terraform_managed_resource_c7cb0c8b266b0f9489d323fe20332737",
      "provider": "provider[\"registry.terraform.io/cloudflare/cloudflare\"]",
      "instances": [
        {
          "schema_version": 2,
          "attributes": {
            "allow_overwrite": false,
            "comment": "",
            "created_on": "2024-10-15T17:24:34.563237Z",
            "data": [],
            "hostname": "contractexpress.findlaw-cloud-dev.com",
            "id": "8098d6147bf41c2fc19a96c7aacabb41",
            "metadata": {
              "auto_added": "false",
              "managed_by_apps": "false",
              "managed_by_argo_tunnel": "false"
            },
            "modified_on": "2024-10-15T17:24:34.563237Z",
            "name": "contractexpress",
            "priority": null,
            "proxiable": true,
            "proxied": false,
            "tags": null,
            "timeouts": null,
            "ttl": 1,
            "type": "CNAME",
            "value": "findlaw-dev.contractexpress.com",
            "zone_id": "b8b8985303e1be08c2fa2c2c45e1ff17"
          },
          "sensitive_attributes": [],
          "private": "eyJlMmJmYjczMC1lY2FhLTExZTYtOGY4OC0zNDM2M2JjN2M0YzAiOnsiY3JlYXRlIjozMDAwMDAwMDAwMCwidXBkYXRlIjozMDAwMDAwMDAwMH0sInNjaGVtYV92ZXJzaW9uIjoiMiJ9"
        }
      ]
    },
    {
      "mode": "managed",
      "type": "cloudflare_record",
      "name": "terraform_managed_resource_c9f12142c9ef5d8d51fe1d13325c82bc",
      "provider": "provider[\"registry.terraform.io/cloudflare/cloudflare\"]",
      "instances": [
        {
          "schema_version": 2,
          "attributes": {
            "allow_overwrite": false,
            "comment": "",
            "created_on": "2024-10-15T17:24:32.550756Z",
            "data": [],
            "hostname": "chatbotservice.findlaw-cloud-dev.com",
            "id": "a9a2f5e828fd6a8c8d462eebead7c2de",
            "metadata": {
              "auto_added": "false",
              "managed_by_apps": "false",
              "managed_by_argo_tunnel": "false"
            },
            "modified_on": "2024-10-15T17:24:32.550756Z",
            "name": "chatbotservice",
            "priority": null,
            "proxiable": true,
            "proxied": true,
            "tags": null,
            "timeouts": null,
            "ttl": 1,
            "type": "CNAME",
            "value": "chatbotservice-aidc-ci-use1.1129.aws.thomsonreuters.com",
            "zone_id": "b8b8985303e1be08c2fa2c2c45e1ff17"
          },
          "sensitive_attributes": [],
          "private": "eyJlMmJmYjczMC1lY2FhLTExZTYtOGY4OC0zNDM2M2JjN2M0YzAiOnsiY3JlYXRlIjozMDAwMDAwMDAwMCwidXBkYXRlIjozMDAwMDAwMDAwMH0sInNjaGVtYV92ZXJzaW9uIjoiMiJ9"
        }
      ]
    },
    {
      "mode": "managed",
      "type": "cloudflare_record",
      "name": "terraform_managed_resource_ccb4e1406f31c0a2602625efcbe20e58",
      "provider": "provider[\"registry.terraform.io/cloudflare/cloudflare\"]",
      "instances": [
        {
          "schema_version": 2,
          "attributes": {
            "allow_overwrite": false,
            "comment": "",
            "created_on": "2024-10-15T17:24:06.089037Z",
            "data": [],
            "hostname": "beta.findlaw-cloud-dev.com",
            "id": "679da28987343ab9131c124fff5983ef",
            "metadata": {
              "auto_added": "false",
              "managed_by_apps": "false",
              "managed_by_argo_tunnel": "false"
            },
            "modified_on": "2024-10-15T17:24:06.089037Z",
            "name": "beta",
            "priority": null,
            "proxiable": true,
            "proxied": true,
            "tags": null,
            "timeouts": null,
            "ttl": 1,
            "type": "CNAME",
            "value": "abilitydev.wpengine.com",
            "zone_id": "b8b8985303e1be08c2fa2c2c45e1ff17"
          },
          "sensitive_attributes": [],
          "private": "eyJlMmJmYjczMC1lY2FhLTExZTYtOGY4OC0zNDM2M2JjN2M0YzAiOnsiY3JlYXRlIjozMDAwMDAwMDAwMCwidXBkYXRlIjozMDAwMDAwMDAwMH0sInNjaGVtYV92ZXJzaW9uIjoiMiJ9"
        }
      ]
    },
    {
      "mode": "managed",
      "type": "cloudflare_record",
      "name": "terraform_managed_resource_d9e06d04ffeb7183e825e3a112cfb4f6",
      "provider": "provider[\"registry.terraform.io/cloudflare/cloudflare\"]",
      "instances": [
        {
          "schema_version": 2,
          "attributes": {
            "allow_overwrite": false,
            "comment": "",
            "created_on": "2024-10-15T17:24:48.294303Z",
            "data": [],
            "hostname": "ratingsandreviewsadmin-green.findlaw-cloud-dev.com",
            "id": "5027aa8551727f5bc578146285b19fef",
            "metadata": {
              "auto_added": "false",
              "managed_by_apps": "false",
              "managed_by_argo_tunnel": "false"
            },
            "modified_on": "2024-10-15T17:24:48.294303Z",
            "name": "ratingsandreviewsadmin-green",
            "priority": null,
            "proxiable": true,
            "proxied": true,
            "tags": null,
            "timeouts": null,
            "ttl": 1,
            "type": "CNAME",
            "value": "dgrsiuy9kf9jn.cloudfront.net",
            "zone_id": "b8b8985303e1be08c2fa2c2c45e1ff17"
          },
          "sensitive_attributes": [],
          "private": "eyJlMmJmYjczMC1lY2FhLTExZTYtOGY4OC0zNDM2M2JjN2M0YzAiOnsiY3JlYXRlIjozMDAwMDAwMDAwMCwidXBkYXRlIjozMDAwMDAwMDAwMH0sInNjaGVtYV92ZXJzaW9uIjoiMiJ9"
        }
      ]
    },
    {
      "mode": "managed",
      "type": "cloudflare_record",
      "name": "terraform_managed_resource_dd8af4a69e552ae887cb79bfb105be74",
      "provider": "provider[\"registry.terraform.io/cloudflare/cloudflare\"]",
      "instances": [
        {
          "schema_version": 2,
          "attributes": {
            "allow_overwrite": false,
            "comment": "",
            "created_on": "2024-10-15T17:24:54.550651Z",
            "data": [],
            "hostname": "forms.findlaw-cloud-dev.com",
            "id": "26915a8685f4a36db8b342b12947080e",
            "metadata": {
              "auto_added": "false",
              "managed_by_apps": "false",
              "managed_by_argo_tunnel": "false"
            },
            "modified_on": "2024-10-15T17:24:54.550651Z",
            "name": "forms",
            "priority": null,
            "proxiable": true,
            "proxied": true,
            "tags": null,
            "timeouts": null,
            "ttl": 1,
            "type": "CNAME",
            "value": "abilitydev.wpengine.com",
            "zone_id": "b8b8985303e1be08c2fa2c2c45e1ff17"
          },
          "sensitive_attributes": [],
          "private": "eyJlMmJmYjczMC1lY2FhLTExZTYtOGY4OC0zNDM2M2JjN2M0YzAiOnsiY3JlYXRlIjozMDAwMDAwMDAwMCwidXBkYXRlIjozMDAwMDAwMDAwMH0sInNjaGVtYV92ZXJzaW9uIjoiMiJ9"
        }
      ]
    },
    {
      "mode": "managed",
      "type": "cloudflare_record",
      "name": "terraform_managed_resource_e1c4712a6efa0c0360c28d6878f703b1",
      "provider": "provider[\"registry.terraform.io/cloudflare/cloudflare\"]",
      "instances": [
        {
          "schema_version": 2,
          "attributes": {
            "allow_overwrite": false,
            "comment": "",
            "created_on": "2024-10-15T17:24:37.318397Z",
            "data": [],
            "hostname": "lawyersorigin.findlaw-cloud-dev.com",
            "id": "6649f63bb4482bea6e45acbaaf3e37f4",
            "metadata": {
              "auto_added": "false",
              "managed_by_apps": "false",
              "managed_by_argo_tunnel": "false"
            },
            "modified_on": "2024-10-15T17:24:37.318397Z",
            "name": "lawyersorigin",
            "priority": null,
            "proxiable": true,
            "proxied": false,
            "tags": null,
            "timeouts": null,
            "ttl": 1,
            "type": "CNAME",
            "value": "directory-fldir-main-ci-use1.1129.aws.thomsonreuters.com",
            "zone_id": "b8b8985303e1be08c2fa2c2c45e1ff17"
          },
          "sensitive_attributes": [],
          "private": "eyJlMmJmYjczMC1lY2FhLTExZTYtOGY4OC0zNDM2M2JjN2M0YzAiOnsiY3JlYXRlIjozMDAwMDAwMDAwMCwidXBkYXRlIjozMDAwMDAwMDAwMH0sInNjaGVtYV92ZXJzaW9uIjoiMiJ9"
        }
      ]
    },
    {
      "mode": "managed",
      "type": "cloudflare_record",
      "name": "terraform_managed_resource_e50d1fc259abaf35a8df7af20829cced",
      "provider": "provider[\"registry.terraform.io/cloudflare/cloudflare\"]",
      "instances": [
        {
          "schema_version": 2,
          "attributes": {
            "allow_overwrite": false,
            "comment": "",
            "created_on": "2024-10-15T17:24:49.061342Z",
            "data": [],
            "hostname": "archivewww.findlaw-cloud-dev.com",
            "id": "d40f41937fe6e151dc279ec73d0bcb58",
            "metadata": {
              "auto_added": "false",
              "managed_by_apps": "false",
              "managed_by_argo_tunnel": "false"
            },
            "modified_on": "2024-10-15T17:24:49.061342Z",
            "name": "archivewww",
            "priority": null,
            "proxiable": true,
            "proxied": true,
            "tags": null,
            "timeouts": null,
            "ttl": 1,
            "type": "CNAME",
            "value": "archive.flportaldev.int.thomsonreuters.com",
            "zone_id": "b8b8985303e1be08c2fa2c2c45e1ff17"
          },
          "sensitive_attributes": [],
          "private": "eyJlMmJmYjczMC1lY2FhLTExZTYtOGY4OC0zNDM2M2JjN2M0YzAiOnsiY3JlYXRlIjozMDAwMDAwMDAwMCwidXBkYXRlIjozMDAwMDAwMDAwMH0sInNjaGVtYV92ZXJzaW9uIjoiMiJ9"
        }
      ]
    },
    {
      "mode": "managed",
      "type": "cloudflare_record",
      "name": "terraform_managed_resource_eaf1104f8076a5149e483ebee07aa9fa",
      "provider": "provider[\"registry.terraform.io/cloudflare/cloudflare\"]",
      "instances": [
        {
          "schema_version": 2,
          "attributes": {
            "allow_overwrite": false,
            "comment": "",
            "created_on": "2024-10-15T17:24:56.048919Z",
            "data": [],
            "hostname": "archive.findlaw-cloud-dev.com",
            "id": "3678bae192101f0bf1bb305a20777b5f",
            "metadata": {
              "auto_added": "false",
              "managed_by_apps": "false",
              "managed_by_argo_tunnel": "false"
            },
            "modified_on": "2024-10-15T17:24:56.048919Z",
            "name": "archive",
            "priority": null,
            "proxiable": true,
            "proxied": true,
            "tags": null,
            "timeouts": null,
            "ttl": 1,
            "type": "CNAME",
            "value": "abilitydev.wpengine.com",
            "zone_id": "b8b8985303e1be08c2fa2c2c45e1ff17"
          },
          "sensitive_attributes": [],
          "private": "eyJlMmJmYjczMC1lY2FhLTExZTYtOGY4OC0zNDM2M2JjN2M0YzAiOnsiY3JlYXRlIjozMDAwMDAwMDAwMCwidXBkYXRlIjozMDAwMDAwMDAwMH0sInNjaGVtYV92ZXJzaW9uIjoiMiJ9"
        }
      ]
    },
    {
      "mode": "managed",
      "type": "cloudflare_record",
      "name": "terraform_managed_resource_f0ee9e05e6fb8bbc5710fb4dc8bb1cf4",
      "provider": "provider[\"registry.terraform.io/cloudflare/cloudflare\"]",
      "instances": [
        {
          "schema_version": 2,
          "attributes": {
            "allow_overwrite": false,
            "comment": "",
            "created_on": "2024-10-15T17:24:40.311516Z",
            "data": [],
            "hostname": "wp.findlaw-cloud-dev.com",
            "id": "81b6bbce896fcf016b50008e19e23987",
            "metadata": {
              "auto_added": "false",
              "managed_by_apps": "false",
              "managed_by_argo_tunnel": "false"
            },
            "modified_on": "2024-10-15T17:24:40.311516Z",
            "name": "wp",
            "priority": null,
            "proxiable": true,
            "proxied": true,
            "tags": null,
            "timeouts": null,
            "ttl": 1,
            "type": "CNAME",
            "value": "abilitydev.wpengine.com",
            "zone_id": "b8b8985303e1be08c2fa2c2c45e1ff17"
          },
          "sensitive_attributes": [],
          "private": "eyJlMmJmYjczMC1lY2FhLTExZTYtOGY4OC0zNDM2M2JjN2M0YzAiOnsiY3JlYXRlIjozMDAwMDAwMDAwMCwidXBkYXRlIjozMDAwMDAwMDAwMH0sInNjaGVtYV92ZXJzaW9uIjoiMiJ9"
        }
      ]
    },
    {
      "mode": "managed",
      "type": "cloudflare_record",
      "name": "terraform_managed_resource_fb48360f97b6e6a5095ffe48f18f1e61",
      "provider": "provider[\"registry.terraform.io/cloudflare/cloudflare\"]",
      "instances": [
        {
          "schema_version": 2,
          "attributes": {
            "allow_overwrite": false,
            "comment": "",
            "created_on": "2024-10-15T17:24:22.813346Z",
            "data": [],
            "hostname": "findlaw-cloud-dev.com",
            "id": "a891330595a2ee0b4e2d525e6cbe7630",
            "metadata": {
              "auto_added": "false",
              "managed_by_apps": "false",
              "managed_by_argo_tunnel": "false"
            },
            "modified_on": "2024-10-15T17:24:22.813346Z",
            "name": "findlaw-cloud-dev.com",
            "priority": null,
            "proxiable": true,
            "proxied": true,
            "tags": null,
            "timeouts": null,
            "ttl": 1,
            "type": "A",
            "value": "35.196.26.179",
            "zone_id": "b8b8985303e1be08c2fa2c2c45e1ff17"
          },
          "sensitive_attributes": [],
          "private": "eyJlMmJmYjczMC1lY2FhLTExZTYtOGY4OC0zNDM2M2JjN2M0YzAiOnsiY3JlYXRlIjozMDAwMDAwMDAwMCwidXBkYXRlIjozMDAwMDAwMDAwMH0sInNjaGVtYV92ZXJzaW9uIjoiMiJ9"
        }
      ]
    },
    {
      "mode": "managed",
      "type": "cloudflare_ruleset",
      "name": "terraform_managed_resource_13e40756393348ec85449626ce8d4624",
      "provider": "provider[\"registry.terraform.io/cloudflare/cloudflare\"]",
      "instances": [
        {
          "schema_version": 1,
          "attributes": {
            "account_id": null,
            "description": "",
            "id": "6935a295969a47e78c3b69b2fdb57327",
            "kind": "zone",
            "name": "default",
            "phase": "http_request_late_transform",
            "rules": [],
            "shareable_entitlement_name": null,
            "zone_id": "b8b8985303e1be08c2fa2c2c45e1ff17"
          },
          "sensitive_attributes": [],
          "private": "eyJzY2hlbWFfdmVyc2lvbiI6IjEifQ=="
        }
      ]
    },
    {
      "mode": "managed",
      "type": "cloudflare_ruleset",
      "name": "terraform_managed_resource_4588298ebcdc4f52aee97dea6365b8fa",
      "provider": "provider[\"registry.terraform.io/cloudflare/cloudflare\"]",
      "instances": [
        {
          "schema_version": 1,
          "attributes": {
            "account_id": null,
            "description": "",
            "id": "c83f25d68724460eae2a15b7a96e88bd",
            "kind": "zone",
            "name": "default",
            "phase": "http_request_origin",
            "rules": [
              {
                "action": "route",
                "action_parameters": [
                  {
                    "automatic_https_rewrites": false,
                    "autominify": [],
                    "bic": false,
                    "browser_ttl": [],
                    "cache": false,
                    "cache_key": [],
                    "content": "",
                    "content_type": "",
                    "cookie_fields": null,
                    "disable_apps": false,
                    "disable_railgun": false,
                    "disable_zaraz": false,
                    "edge_ttl": [],
                    "email_obfuscation": false,
                    "from_list": [],
                    "from_value": [],
                    "headers": [],
                    "host_header": "wp.findlaw-cloud-dev.com",
                    "hotlink_protection": false,
                    "id": "",
                    "increment": 0,
                    "matched_data": [],
                    "mirage": false,
                    "opportunistic_encryption": false,
                    "origin": [
                      {
                        "host": "wp.findlaw-cloud-dev.com",
                        "port": 0
                      }
                    ],
                    "origin_error_page_passthru": false,
                    "overrides": [],
                    "phases": null,
                    "polish": "",
                    "products": null,
                    "request_fields": null,
                    "respect_strong_etags": false,
                    "response": [],
                    "response_fields": null,
                    "rocket_loader": false,
                    "rules": null,
                    "ruleset": "",
                    "rulesets": null,
                    "security_level": "",
                    "serve_stale": [],
                    "server_side_excludes": false,
                    "sni": [],
                    "ssl": "",
                    "status_code": 0,
                    "sxg": false,
                    "uri": [],
                    "version": ""
                  }
                ],
                "description": "Sitemap WP Host Overrides",
                "enabled": true,
                "exposed_credential_check": [],
                "expression": "(http.request.uri.path eq \"/main-sitemap.xsl\") or (http.request.uri.path eq \"/author-sitemap.xml\") or (http.request.uri.path eq \"/post_tag-sitemap.xml\") or (http.request.uri.path eq \"/category_sitemap.xml\") or (http.request.uri.path eq \"/page_sitemap.xml\") or (starts_with(http.request.uri.path, \"/post-sitemap\")) or (http.request.uri.path eq \"/sitemap_index.xml\" and not http.host matches \"(archive|lawyers|caselaw|codes).findlaw-qa.com\") or (http.request.uri.path eq \"/findlaw-authors-sitemap.xml\")",
                "id": "769b52f9352941b483622c8e01da589d",
                "last_updated": "",
                "logging": [],
                "ratelimit": [],
                "ref": "",
                "version": ""
              },
              {
                "action": "route",
                "action_parameters": [
                  {
                    "automatic_https_rewrites": false,
                    "autominify": [],
                    "bic": false,
                    "browser_ttl": [],
                    "cache": false,
                    "cache_key": [],
                    "content": "",
                    "content_type": "",
                    "cookie_fields": null,
                    "disable_apps": false,
                    "disable_railgun": false,
                    "disable_zaraz": false,
                    "edge_ttl": [],
                    "email_obfuscation": false,
                    "from_list": [],
                    "from_value": [],
                    "headers": [],
                    "host_header": "forms.findlaw-cloud-dev.com",
                    "hotlink_protection": false,
                    "id": "",
                    "increment": 0,
                    "matched_data": [],
                    "mirage": false,
                    "opportunistic_encryption": false,
                    "origin": [
                      {
                        "host": "forms.findlaw-cloud-dev.com",
                        "port": 0
                      }
                    ],
                    "origin_error_page_passthru": false,
                    "overrides": [],
                    "phases": null,
                    "polish": "",
                    "products": null,
                    "request_fields": null,
                    "respect_strong_etags": false,
                    "response": [],
                    "response_fields": null,
                    "rocket_loader": false,
                    "rules": null,
                    "ruleset": "",
                    "rulesets": null,
                    "security_level": "",
                    "serve_stale": [],
                    "server_side_excludes": false,
                    "sni": [
                      {
                        "value": "forms.findlaw-cloud-dev.com"
                      }
                    ],
                    "ssl": "",
                    "status_code": 0,
                    "sxg": false,
                    "uri": [],
                    "version": ""
                  }
                ],
                "description": "Forms",
                "enabled": true,
                "exposed_credential_check": [],
                "expression": "(starts_with(http.request.uri.path, \"/forms\"))",
                "id": "c5df2b47a17c472b9abfc553556f31af",
                "last_updated": "",
                "logging": [],
                "ratelimit": [],
                "ref": "",
                "version": ""
              },
              {
                "action": "route",
                "action_parameters": [
                  {
                    "automatic_https_rewrites": false,
                    "autominify": [],
                    "bic": false,
                    "browser_ttl": [],
                    "cache": false,
                    "cache_key": [],
                    "content": "",
                    "content_type": "",
                    "cookie_fields": null,
                    "disable_apps": false,
                    "disable_railgun": false,
                    "disable_zaraz": false,
                    "edge_ttl": [],
                    "email_obfuscation": false,
                    "from_list": [],
                    "from_value": [],
                    "headers": [],
                    "host_header": "",
                    "hotlink_protection": false,
                    "id": "",
                    "increment": 0,
                    "matched_data": [],
                    "mirage": false,
                    "opportunistic_encryption": false,
                    "origin": [
                      {
                        "host": "images.findlaw-cloud-dev.com",
                        "port": 0
                      }
                    ],
                    "origin_error_page_passthru": false,
                    "overrides": [],
                    "phases": null,
                    "polish": "",
                    "products": null,
                    "request_fields": null,
                    "respect_strong_etags": false,
                    "response": [],
                    "response_fields": null,
                    "rocket_loader": false,
                    "rules": null,
                    "ruleset": "",
                    "rulesets": null,
                    "security_level": "",
                    "serve_stale": [],
                    "server_side_excludes": false,
                    "sni": [],
                    "ssl": "",
                    "status_code": 0,
                    "sxg": false,
                    "uri": [],
                    "version": ""
                  }
                ],
                "description": "FWEB Redirect images",
                "enabled": true,
                "exposed_credential_check": [],
                "expression": "(http.host eq \"images.findlaw.com\")",
                "id": "a8f6583cf0c94051aa143483eb3e5f89",
                "last_updated": "",
                "logging": [],
                "ratelimit": [],
                "ref": "",
                "version": ""
              },
              {
                "action": "route",
                "action_parameters": [
                  {
                    "automatic_https_rewrites": false,
                    "autominify": [],
                    "bic": false,
                    "browser_ttl": [],
                    "cache": false,
                    "cache_key": [],
                    "content": "",
                    "content_type": "",
                    "cookie_fields": null,
                    "disable_apps": false,
                    "disable_railgun": false,
                    "disable_zaraz": false,
                    "edge_ttl": [],
                    "email_obfuscation": false,
                    "from_list": [],
                    "from_value": [],
                    "headers": [],
                    "host_header": "archivewww.findlaw-cloud-dev.com",
                    "hotlink_protection": false,
                    "id": "",
                    "increment": 0,
                    "matched_data": [],
                    "mirage": false,
                    "opportunistic_encryption": false,
                    "origin": [
                      {
                        "host": "archivewww.findlaw-cloud-dev.com",
                        "port": 0
                      }
                    ],
                    "origin_error_page_passthru": false,
                    "overrides": [],
                    "phases": null,
                    "polish": "",
                    "products": null,
                    "request_fields": null,
                    "respect_strong_etags": false,
                    "response": [],
                    "response_fields": null,
                    "rocket_loader": false,
                    "rules": null,
                    "ruleset": "",
                    "rulesets": null,
                    "security_level": "",
                    "serve_stale": [],
                    "server_side_excludes": false,
                    "sni": [
                      {
                        "value": "archivewww.findlaw-cloud-dev.com"
                      }
                    ],
                    "ssl": "",
                    "status_code": 0,
                    "sxg": false,
                    "uri": [],
                    "version": ""
                  }
                ],
                "description": "Archive serve from AEM",
                "enabled": false,
                "exposed_credential_check": [],
                "expression": "(http.host eq \"archive.findlaw-cloud-dev.com\" and starts_with(http.request.uri.path, \"/lp\")) or (http.host eq \"archive.findlaw-cloud-dev.com\" and starts_with(http.request.uri.path, \"/law\"))",
                "id": "999d97bf830d4cb0bb0d870b94d79f5d",
                "last_updated": "",
                "logging": [],
                "ratelimit": [],
                "ref": "",
                "version": ""
              },
              {
                "action": "route",
                "action_parameters": [
                  {
                    "automatic_https_rewrites": false,
                    "autominify": [],
                    "bic": false,
                    "browser_ttl": [],
                    "cache": false,
                    "cache_key": [],
                    "content": "",
                    "content_type": "",
                    "cookie_fields": null,
                    "disable_apps": false,
                    "disable_railgun": false,
                    "disable_zaraz": false,
                    "edge_ttl": [],
                    "email_obfuscation": false,
                    "from_list": [],
                    "from_value": [],
                    "headers": [],
                    "host_header": "wp.findlaw-cloud-dev.com",
                    "hotlink_protection": false,
                    "id": "",
                    "increment": 0,
                    "matched_data": [],
                    "mirage": false,
                    "opportunistic_encryption": false,
                    "origin": [
                      {
                        "host": "wp.findlaw-cloud-dev.com",
                        "port": 0
                      }
                    ],
                    "origin_error_page_passthru": false,
                    "overrides": [],
                    "phases": null,
                    "polish": "",
                    "products": null,
                    "request_fields": null,
                    "respect_strong_etags": false,
                    "response": [],
                    "response_fields": null,
                    "rocket_loader": false,
                    "rules": null,
                    "ruleset": "",
                    "rulesets": null,
                    "security_level": "",
                    "serve_stale": [],
                    "server_side_excludes": false,
                    "sni": [
                      {
                        "value": "wp.findlaw-cloud-dev.com"
                      }
                    ],
                    "ssl": "",
                    "status_code": 0,
                    "sxg": false,
                    "uri": [],
                    "version": ""
                  }
                ],
                "description": "Our Team - AEM to WP",
                "enabled": false,
                "exposed_credential_check": [],
                "expression": "(starts_with(http.request.uri.path, \"/company/our-team/\") and not http.request.uri.path in {\"/company/our-team/contributing-authors\" \"/company/our-team/contributing-authors.html\"}) or (starts_with(http.host, \"archive.findlaw\") and http.request.uri.path eq \"/blog\")",
                "id": "bbd77c4acf3545978527245cc00cb195",
                "last_updated": "",
                "logging": [],
                "ratelimit": [],
                "ref": "",
                "version": ""
              },
              {
                "action": "route",
                "action_parameters": [
                  {
                    "automatic_https_rewrites": false,
                    "autominify": [],
                    "bic": false,
                    "browser_ttl": [],
                    "cache": false,
                    "cache_key": [],
                    "content": "",
                    "content_type": "",
                    "cookie_fields": null,
                    "disable_apps": false,
                    "disable_railgun": false,
                    "disable_zaraz": false,
                    "edge_ttl": [],
                    "email_obfuscation": false,
                    "from_list": [],
                    "from_value": [],
                    "headers": [],
                    "host_header": "lawyermarketing.findlaw-cloud-dev.com",
                    "hotlink_protection": false,
                    "id": "",
                    "increment": 0,
                    "matched_data": [],
                    "mirage": false,
                    "opportunistic_encryption": false,
                    "origin": [
                      {
                        "host": "lawyermarketing.findlaw-cloud-dev.com",
                        "port": 0
                      }
                    ],
                    "origin_error_page_passthru": false,
                    "overrides": [],
                    "phases": null,
                    "polish": "",
                    "products": null,
                    "request_fields": null,
                    "respect_strong_etags": false,
                    "response": [],
                    "response_fields": null,
                    "rocket_loader": false,
                    "rules": null,
                    "ruleset": "",
                    "rulesets": null,
                    "security_level": "",
                    "serve_stale": [],
                    "server_side_excludes": false,
                    "sni": [
                      {
                        "value": "lawyermarketing.findlaw-cloud-dev.com"
                      }
                    ],
                    "ssl": "",
                    "status_code": 0,
                    "sxg": false,
                    "uri": [],
                    "version": ""
                  }
                ],
                "description": "FL Lawyermarketing",
                "enabled": true,
                "exposed_credential_check": [],
                "expression": "(starts_with(http.request.uri.path, \"/lawyer-marketing\") and http.host eq \"www.findlaw-cloud-dev.com\")",
                "id": "b937b1478fec4596b70281a1a7d2eeb4",
                "last_updated": "",
                "logging": [],
                "ratelimit": [],
                "ref": "",
                "version": ""
              }
            ],
            "shareable_entitlement_name": null,
            "zone_id": "b8b8985303e1be08c2fa2c2c45e1ff17"
          },
          "sensitive_attributes": [],
          "private": "eyJzY2hlbWFfdmVyc2lvbiI6IjEifQ=="
        }
      ]
    },
    {
      "mode": "managed",
      "type": "cloudflare_ruleset",
      "name": "terraform_managed_resource_7378e1e1a4ab4bdebb263de0e6528bbb",
      "provider": "provider[\"registry.terraform.io/cloudflare/cloudflare\"]",
      "instances": [
        {
          "schema_version": 1,
          "attributes": {
            "account_id": null,
            "description": "",
            "id": "0d8441eafccf40d7845e5fb4bfb0e19f",
            "kind": "zone",
            "name": "default",
            "phase": "http_config_settings",
            "rules": [],
            "shareable_entitlement_name": null,
            "zone_id": "b8b8985303e1be08c2fa2c2c45e1ff17"
          },
          "sensitive_attributes": [],
          "private": "eyJzY2hlbWFfdmVyc2lvbiI6IjEifQ=="
        }
      ]
    },
    {
      "mode": "managed",
      "type": "cloudflare_ruleset",
      "name": "terraform_managed_resource_8caacb2cd1934cff8b70c23295aa187d",
      "provider": "provider[\"registry.terraform.io/cloudflare/cloudflare\"]",
      "instances": [
        {
          "schema_version": 1,
          "attributes": {
            "account_id": null,
            "description": "",
            "id": "578377177a5d4de49cc649d94c2b8035",
            "kind": "zone",
            "name": "default",
            "phase": "http_request_dynamic_redirect",
            "rules": [
              {
                "action": "redirect",
                "action_parameters": [
                  {
                    "automatic_https_rewrites": false,
                    "autominify": [],
                    "bic": false,
                    "browser_ttl": [],
                    "cache": false,
                    "cache_key": [],
                    "content": "",
                    "content_type": "",
                    "cookie_fields": null,
                    "disable_apps": false,
                    "disable_railgun": false,
                    "disable_zaraz": false,
                    "edge_ttl": [],
                    "email_obfuscation": false,
                    "from_list": [],
                    "from_value": [
                      {
                        "preserve_query_string": true,
                        "status_code": 301,
                        "target_url": [
                          {
                            "expression": "",
                            "value": "https://pu.findlaw-cloud-dev.com/welcome"
                          }
                        ]
                      }
                    ],
                    "headers": [],
                    "host_header": "",
                    "hotlink_protection": false,
                    "id": "",
                    "increment": 0,
                    "matched_data": [],
                    "mirage": false,
                    "opportunistic_encryption": false,
                    "origin": [],
                    "origin_error_page_passthru": false,
                    "overrides": [],
                    "phases": null,
                    "polish": "",
                    "products": null,
                    "request_fields": null,
                    "respect_strong_etags": false,
                    "response": [],
                    "response_fields": null,
                    "rocket_loader": false,
                    "rules": null,
                    "ruleset": "",
                    "rulesets": null,
                    "security_level": "",
                    "serve_stale": [],
                    "server_side_excludes": false,
                    "sni": [],
                    "ssl": "",
                    "status_code": 0,
                    "sxg": false,
                    "uri": [],
                    "version": ""
                  }
                ],
                "description": "Redirect Non-PU Help Requests to PU",
                "enabled": true,
                "exposed_credential_check": [],
                "expression": "(http.host eq \"profileupdate.findlaw-cloud-dev.com\" and not starts_with(http.request.uri.path, \"/help\") and not starts_with(http.request.uri.path, \"/wp-\"))",
                "id": "8e27cdbdc6144b069893db0a866bc5e9",
                "last_updated": "",
                "logging": [],
                "ratelimit": [],
                "ref": "",
                "version": ""
              }
            ],
            "shareable_entitlement_name": null,
            "zone_id": "b8b8985303e1be08c2fa2c2c45e1ff17"
          },
          "sensitive_attributes": [],
          "private": "eyJzY2hlbWFfdmVyc2lvbiI6IjEifQ=="
        }
      ]
    },
    {
      "mode": "managed",
      "type": "cloudflare_ruleset",
      "name": "terraform_managed_resource_c13361faec1e46e7a277cd5ef9cbdf5f",
      "provider": "provider[\"registry.terraform.io/cloudflare/cloudflare\"]",
      "instances": [
        {
          "schema_version": 1,
          "attributes": {
            "account_id": null,
            "description": "",
            "id": "ade3d884632c47c8a0f82b456e377c77",
            "kind": "zone",
            "name": "transfer ruleset",
            "phase": "http_request_transform",
            "rules": [
              {
                "action": "rewrite",
                "action_parameters": [
                  {
                    "automatic_https_rewrites": false,
                    "autominify": [],
                    "bic": false,
                    "browser_ttl": [],
                    "cache": false,
                    "cache_key": [],
                    "content": "",
                    "content_type": "",
                    "cookie_fields": null,
                    "disable_apps": false,
                    "disable_railgun": false,
                    "disable_zaraz": false,
                    "edge_ttl": [],
                    "email_obfuscation": false,
                    "from_list": [],
                    "from_value": [],
                    "headers": [],
                    "host_header": "",
                    "hotlink_protection": false,
                    "id": "",
                    "increment": 0,
                    "matched_data": [],
                    "mirage": false,
                    "opportunistic_encryption": false,
                    "origin": [],
                    "origin_error_page_passthru": false,
                    "overrides": [],
                    "phases": null,
                    "polish": "",
                    "products": null,
                    "request_fields": null,
                    "respect_strong_etags": false,
                    "response": [],
                    "response_fields": null,
                    "rocket_loader": false,
                    "rules": null,
                    "ruleset": "",
                    "rulesets": null,
                    "security_level": "",
                    "serve_stale": [],
                    "server_side_excludes": false,
                    "sni": [],
                    "ssl": "",
                    "status_code": 0,
                    "sxg": false,
                    "uri": [
                      {
                        "origin": false,
                        "path": [
                          {
                            "expression": "regex_replace(http.request.uri.path,\"/findlaw\",\"\")",
                            "value": ""
                          }
                        ],
                        "query": []
                      }
                    ],
                    "version": ""
                  }
                ],
                "description": "findlaw_sitemap.xml -\u003e findlaw.com/sitemap.xml",
                "enabled": false,
                "exposed_credential_check": [],
                "expression": "(http.request.full_uri eq \"https://www.findlaw-cloud-dev.com/findlaw_sitemap.xml\")",
                "id": "3c05104c01864241af8b18d98409949c",
                "last_updated": "",
                "logging": [],
                "ratelimit": [],
                "ref": "",
                "version": ""
              },
              {
                "action": "rewrite",
                "action_parameters": [
                  {
                    "automatic_https_rewrites": false,
                    "autominify": [],
                    "bic": false,
                    "browser_ttl": [],
                    "cache": false,
                    "cache_key": [],
                    "content": "",
                    "content_type": "",
                    "cookie_fields": null,
                    "disable_apps": false,
                    "disable_railgun": false,
                    "disable_zaraz": false,
                    "edge_ttl": [],
                    "email_obfuscation": false,
                    "from_list": [],
                    "from_value": [],
                    "headers": [],
                    "host_header": "",
                    "hotlink_protection": false,
                    "id": "",
                    "increment": 0,
                    "matched_data": [],
                    "mirage": false,
                    "opportunistic_encryption": false,
                    "origin": [],
                    "origin_error_page_passthru": false,
                    "overrides": [],
                    "phases": null,
                    "polish": "",
                    "products": null,
                    "request_fields": null,
                    "respect_strong_etags": false,
                    "response": [],
                    "response_fields": null,
                    "rocket_loader": false,
                    "rules": null,
                    "ruleset": "",
                    "rulesets": null,
                    "security_level": "",
                    "serve_stale": [],
                    "server_side_excludes": false,
                    "sni": [],
                    "ssl": "",
                    "status_code": 0,
                    "sxg": false,
                    "uri": [
                      {
                        "origin": false,
                        "path": [
                          {
                            "expression": "",
                            "value": "/https://www.findlaw.com/sitemap.xml"
                          }
                        ],
                        "query": []
                      }
                    ],
                    "version": ""
                  }
                ],
                "description": "Test findlaw.com sitemap.xml",
                "enabled": false,
                "exposed_credential_check": [],
                "expression": "(http.request.full_uri eq \"https://www.findlaw-cloud-dev.com/my_findlaw_sitemap_2.xml\")",
                "id": "e13945872b384e45a6d06c81a65f426e",
                "last_updated": "",
                "logging": [],
                "ratelimit": [],
                "ref": "",
                "version": ""
              },
              {
                "action": "rewrite",
                "action_parameters": [
                  {
                    "automatic_https_rewrites": false,
                    "autominify": [],
                    "bic": false,
                    "browser_ttl": [],
                    "cache": false,
                    "cache_key": [],
                    "content": "",
                    "content_type": "",
                    "cookie_fields": null,
                    "disable_apps": false,
                    "disable_railgun": false,
                    "disable_zaraz": false,
                    "edge_ttl": [],
                    "email_obfuscation": false,
                    "from_list": [],
                    "from_value": [],
                    "headers": [],
                    "host_header": "",
                    "hotlink_protection": false,
                    "id": "",
                    "increment": 0,
                    "matched_data": [],
                    "mirage": false,
                    "opportunistic_encryption": false,
                    "origin": [],
                    "origin_error_page_passthru": false,
                    "overrides": [],
                    "phases": null,
                    "polish": "",
                    "products": null,
                    "request_fields": null,
                    "respect_strong_etags": false,
                    "response": [],
                    "response_fields": null,
                    "rocket_loader": false,
                    "rules": null,
                    "ruleset": "",
                    "rulesets": null,
                    "security_level": "",
                    "serve_stale": [],
                    "server_side_excludes": false,
                    "sni": [],
                    "ssl": "",
                    "status_code": 0,
                    "sxg": false,
                    "uri": [
                      {
                        "origin": false,
                        "path": [],
                        "query": [
                          {
                            "expression": "",
                            "value": "robots=1"
                          }
                        ]
                      }
                    ],
                    "version": ""
                  }
                ],
                "description": "LM Robots.txt",
                "enabled": true,
                "exposed_credential_check": [],
                "expression": "(http.request.uri.path eq \"lawyer-marketing/robots.txt\")",
                "id": "e6e3f8d5fe584835ae3eaa40d688be1b",
                "last_updated": "",
                "logging": [],
                "ratelimit": [],
                "ref": "",
                "version": ""
              }
            ],
            "shareable_entitlement_name": null,
            "zone_id": "b8b8985303e1be08c2fa2c2c45e1ff17"
          },
          "sensitive_attributes": [],
          "private": "eyJzY2hlbWFfdmVyc2lvbiI6IjEifQ=="
        }
      ]
    },
    {
      "mode": "managed",
      "type": "cloudflare_tiered_cache",
      "name": "terraform_managed_resource_b8b8985303e1be08c2fa2c2c45e1ff17",
      "provider": "provider[\"registry.terraform.io/cloudflare/cloudflare\"]",
      "instances": [
        {
          "schema_version": 0,
          "attributes": {
            "cache_type": "generic",
            "id": "b8b8985303e1be08c2fa2c2c45e1ff17",
            "zone_id": "b8b8985303e1be08c2fa2c2c45e1ff17"
          },
          "sensitive_attributes": [],
          "private": "bnVsbA=="
        }
      ]
    },
    {
      "mode": "managed",
      "type": "cloudflare_url_normalization_settings",
      "name": "terraform_managed_resource_b8b8985303e1be08c2fa2c2c45e1ff17",
      "provider": "provider[\"registry.terraform.io/cloudflare/cloudflare\"]",
      "instances": [
        {
          "schema_version": 0,
          "attributes": {
            "id": "b8b8985303e1be08c2fa2c2c45e1ff17",
            "scope": "incoming",
            "type": "cloudflare",
            "zone_id": "b8b8985303e1be08c2fa2c2c45e1ff17"
          },
          "sensitive_attributes": [],
          "private": "bnVsbA=="
        }
      ]
    },
    {
      "mode": "managed",
      "type": "cloudflare_worker_route",
      "name": "terraform_managed_resource_00cbeb6f27d14b3eb77f75af49ef9441",
      "provider": "provider[\"registry.terraform.io/cloudflare/cloudflare\"]",
      "instances": [
        {
          "schema_version": 0,
          "attributes": {
            "id": "8ae18509021749418a561bfd81cd272b",
            "pattern": "*.findlaw-cloud-dev.com/datadog/*",
            "script_name": "findlaw-datadog-dev",
            "zone_id": "b8b8985303e1be08c2fa2c2c45e1ff17"
          },
          "sensitive_attributes": [],
          "private": "bnVsbA=="
        }
      ]
    },
    {
      "mode": "managed",
      "type": "cloudflare_worker_route",
      "name": "terraform_managed_resource_15f15394cdd745c0bcd60685bd1cedf5",
      "provider": "provider[\"registry.terraform.io/cloudflare/cloudflare\"]",
      "instances": [
        {
          "schema_version": 0,
          "attributes": {
            "id": "ad7b3c0683bf4a0e8c6aafb52fae9965",
            "pattern": "sports.findlaw-cloud-dev.com",
            "script_name": null,
            "zone_id": "b8b8985303e1be08c2fa2c2c45e1ff17"
          },
          "sensitive_attributes": [],
          "private": "bnVsbA=="
        }
      ]
    },
    {
      "mode": "managed",
      "type": "cloudflare_worker_route",
      "name": "terraform_managed_resource_1d73640bc1744a3d8f30efeb20b1d936",
      "provider": "provider[\"registry.terraform.io/cloudflare/cloudflare\"]",
      "instances": [
        {
          "schema_version": 0,
          "attributes": {
            "id": "86170aa021f64294a2656871575469a2",
            "pattern": "https://pview.findlaw-cloud-dev.com/*",
            "script_name": "findlaw-directory-default-dev",
            "zone_id": "b8b8985303e1be08c2fa2c2c45e1ff17"
          },
          "sensitive_attributes": [],
          "private": "bnVsbA=="
        }
      ]
    },
    {
      "mode": "managed",
      "type": "cloudflare_worker_route",
      "name": "terraform_managed_resource_1f2899dd5acb4383a96cf01da0a22327",
      "provider": "provider[\"registry.terraform.io/cloudflare/cloudflare\"]",
      "instances": [
        {
          "schema_version": 0,
          "attributes": {
            "id": "a9f1d57e82534110a1ed722744afda3b",
            "pattern": "www.sports.findlaw-cloud-dev.com",
            "script_name": null,
            "zone_id": "b8b8985303e1be08c2fa2c2c45e1ff17"
          },
          "sensitive_attributes": [],
          "private": "bnVsbA=="
        }
      ]
    },
    {
      "mode": "managed",
      "type": "cloudflare_worker_route",
      "name": "terraform_managed_resource_2032671b07f94eb3af46df5633d1a989",
      "provider": "provider[\"registry.terraform.io/cloudflare/cloudflare\"]",
      "instances": [
        {
          "schema_version": 0,
          "attributes": {
            "id": "cd3ff3d97c974798ae16f4222bf2c5e0",
            "pattern": "https://wldimages.findlaw-cloud-dev.com/robots.txt",
            "script_name": "findlaw-default-dev",
            "zone_id": "b8b8985303e1be08c2fa2c2c45e1ff17"
          },
          "sensitive_attributes": [],
          "private": "bnVsbA=="
        }
      ]
    },
    {
      "mode": "managed",
      "type": "cloudflare_worker_route",
      "name": "terraform_managed_resource_3771998d29b543dab0165ef59848a48b",
      "provider": "provider[\"registry.terraform.io/cloudflare/cloudflare\"]",
      "instances": [
        {
          "schema_version": 0,
          "attributes": {
            "id": "2d0ef8f2fa0e4d3f95dedc378c93a14a",
            "pattern": "*.findlaw-cloud-dev.com/*",
            "script_name": "findlaw-default-dev",
            "zone_id": "b8b8985303e1be08c2fa2c2c45e1ff17"
          },
          "sensitive_attributes": [],
          "private": "bnVsbA=="
        }
      ]
    },
    {
      "mode": "managed",
      "type": "cloudflare_worker_route",
      "name": "terraform_managed_resource_3a5d751bd17240e981a4d19e6963830e",
      "provider": "provider[\"registry.terraform.io/cloudflare/cloudflare\"]",
      "instances": [
        {
          "schema_version": 0,
          "attributes": {
            "id": "7d5c87ff3be443f6886563af30c48763",
            "pattern": "http://attorney.findlaw-cloud-dev.com/*",
            "script_name": "findlaw-default-dev",
            "zone_id": "b8b8985303e1be08c2fa2c2c45e1ff17"
          },
          "sensitive_attributes": [],
          "private": "bnVsbA=="
        }
      ]
    },
    {
      "mode": "managed",
      "type": "cloudflare_worker_route",
      "name": "terraform_managed_resource_3f3e6447afe14ce0b1aa5fb57c3037d0",
      "provider": "provider[\"registry.terraform.io/cloudflare/cloudflare\"]",
      "instances": [
        {
          "schema_version": 0,
          "attributes": {
            "id": "da9176e37ae74aa8966287b11db45295",
            "pattern": "terraformtest.findlaw-cloud-dev.com/*",
            "script_name": "terraform_worker_test_dev",
            "zone_id": "b8b8985303e1be08c2fa2c2c45e1ff17"
          },
          "sensitive_attributes": [],
          "private": "bnVsbA=="
        }
      ]
    },
    {
      "mode": "managed",
      "type": "cloudflare_worker_route",
      "name": "terraform_managed_resource_69637118032e453cae4edb2948751132",
      "provider": "provider[\"registry.terraform.io/cloudflare/cloudflare\"]",
      "instances": [
        {
          "schema_version": 0,
          "attributes": {
            "id": "8e4f104501294d6a8de1806bc3fe5545",
            "pattern": "https://attorneyimages.findlaw-cloud-dev.com/*",
            "script_name": null,
            "zone_id": "b8b8985303e1be08c2fa2c2c45e1ff17"
          },
          "sensitive_attributes": [],
          "private": "bnVsbA=="
        }
      ]
    },
    {
      "mode": "managed",
      "type": "cloudflare_worker_route",
      "name": "terraform_managed_resource_6fec7d623fab4383a29315d0f885cf7f",
      "provider": "provider[\"registry.terraform.io/cloudflare/cloudflare\"]",
      "instances": [
        {
          "schema_version": 0,
          "attributes": {
            "id": "fbebc4b175dd4b279d2e3bea811cf4d2",
            "pattern": "*attorneys.findlaw-cloud-dev.com/flstats/v1/stats*",
            "script_name": "findlaw-directory-new-dev",
            "zone_id": "b8b8985303e1be08c2fa2c2c45e1ff17"
          },
          "sensitive_attributes": [],
          "private": "bnVsbA=="
        }
      ]
    },
    {
      "mode": "managed",
      "type": "cloudflare_worker_route",
      "name": "terraform_managed_resource_702725990736440f86b2a9237c05192c",
      "provider": "provider[\"registry.terraform.io/cloudflare/cloudflare\"]",
      "instances": [
        {
          "schema_version": 0,
          "attributes": {
            "id": "59e3c60eb6d942d6b0c51e948ce0863e",
            "pattern": "*.findlaw-cloud-dev.com/queue/consumers/*",
            "script_name": "findlaw-consumers-dev",
            "zone_id": "b8b8985303e1be08c2fa2c2c45e1ff17"
          },
          "sensitive_attributes": [],
          "private": "bnVsbA=="
        }
      ]
    },
    {
      "mode": "managed",
      "type": "cloudflare_worker_route",
      "name": "terraform_managed_resource_75e4dca31b5542ab93666357b4875d07",
      "provider": "provider[\"registry.terraform.io/cloudflare/cloudflare\"]",
      "instances": [
        {
          "schema_version": 0,
          "attributes": {
            "id": "2d051ab456234a6d87d23b7ff95db8c9",
            "pattern": "https://files.findlaw-cloud-dev.com/thumbnails/*",
            "script_name": null,
            "zone_id": "b8b8985303e1be08c2fa2c2c45e1ff17"
          },
          "sensitive_attributes": [],
          "private": "bnVsbA=="
        }
      ]
    },
    {
      "mode": "managed",
      "type": "cloudflare_worker_route",
      "name": "terraform_managed_resource_8260de846a014f79913fa7c7c1c66d85",
      "provider": "provider[\"registry.terraform.io/cloudflare/cloudflare\"]",
      "instances": [
        {
          "schema_version": 0,
          "attributes": {
            "id": "02a2cc63075c44c6b6c50b9e721da9f7",
            "pattern": "*pu.findlaw-cloud-dev.com/*",
            "script_name": null,
            "zone_id": "b8b8985303e1be08c2fa2c2c45e1ff17"
          },
          "sensitive_attributes": [],
          "private": "bnVsbA=="
        }
      ]
    },
    {
      "mode": "managed",
      "type": "cloudflare_worker_route",
      "name": "terraform_managed_resource_864819a675dd460bae155fc411834105",
      "provider": "provider[\"registry.terraform.io/cloudflare/cloudflare\"]",
      "instances": [
        {
          "schema_version": 0,
          "attributes": {
            "id": "58b62dabadc04e24947832416271b0a9",
            "pattern": "https://www.findlaw-cloud-dev.com/queues/seochecks/*",
            "script_name": "findlaw-seo-checks-dev",
            "zone_id": "b8b8985303e1be08c2fa2c2c45e1ff17"
          },
          "sensitive_attributes": [],
          "private": "bnVsbA=="
        }
      ]
    },
    {
      "mode": "managed",
      "type": "cloudflare_worker_route",
      "name": "terraform_managed_resource_88e2b9b7cb024f799aa9ff6d39d0334b",
      "provider": "provider[\"registry.terraform.io/cloudflare/cloudflare\"]",
      "instances": [
        {
          "schema_version": 0,
          "attributes": {
            "id": "24e1724adfcd4a4e8fee817bbbea1c8d",
            "pattern": "https://attorneys.findlaw-cloud-dev.com/robots.txt",
            "script_name": "findlaw-default-dev",
            "zone_id": "b8b8985303e1be08c2fa2c2c45e1ff17"
          },
          "sensitive_attributes": [],
          "private": "bnVsbA=="
        }
      ]
    },
    {
      "mode": "managed",
      "type": "cloudflare_worker_route",
      "name": "terraform_managed_resource_8ab0b1210fb140ae9ab6c0ff2e86f4fa",
      "provider": "provider[\"registry.terraform.io/cloudflare/cloudflare\"]",
      "instances": [
        {
          "schema_version": 0,
          "attributes": {
            "id": "17744f32aaca4ac5a6ffb6a4f958f0f2",
            "pattern": "https://www.findlaw-cloud-dev.com/randytest",
            "script_name": "randytest",
            "zone_id": "b8b8985303e1be08c2fa2c2c45e1ff17"
          },
          "sensitive_attributes": [],
          "private": "bnVsbA=="
        }
      ]
    },
    {
      "mode": "managed",
      "type": "cloudflare_worker_route",
      "name": "terraform_managed_resource_8b2bfc99af6942e983cb9b9ee1c9c4ec",
      "provider": "provider[\"registry.terraform.io/cloudflare/cloudflare\"]",
      "instances": [
        {
          "schema_version": 0,
          "attributes": {
            "id": "91a9474a308e43ef9f7ed1002f8fb6e4",
            "pattern": "https://lawyers.findlaw-cloud-dev.com/*",
            "script_name": "findlaw-directory-new-dev",
            "zone_id": "b8b8985303e1be08c2fa2c2c45e1ff17"
          },
          "sensitive_attributes": [],
          "private": "bnVsbA=="
        }
      ]
    },
    {
      "mode": "managed",
      "type": "cloudflare_worker_route",
      "name": "terraform_managed_resource_9011fb46ae8943edb22f2338a19ecf4d",
      "provider": "provider[\"registry.terraform.io/cloudflare/cloudflare\"]",
      "instances": [
        {
          "schema_version": 0,
          "attributes": {
            "id": "a6114fd946ae455992054197b4c07e64",
            "pattern": "*adserver.findlaw-cloud-dev.com/*",
            "script_name": null,
            "zone_id": "b8b8985303e1be08c2fa2c2c45e1ff17"
          },
          "sensitive_attributes": [],
          "private": "bnVsbA=="
        }
      ]
    },
    {
      "mode": "managed",
      "type": "cloudflare_worker_route",
      "name": "terraform_managed_resource_90895987b7ed4e2986bdf0be49d74f43",
      "provider": "provider[\"registry.terraform.io/cloudflare/cloudflare\"]",
      "instances": [
        {
          "schema_version": 0,
          "attributes": {
            "id": "8d54f9e42daf4a34812c55dd4fd5e325",
            "pattern": "https://attorneys.findlaw-cloud-dev.com/internaltrack.png",
            "script_name": "findlaw-default-dev",
            "zone_id": "b8b8985303e1be08c2fa2c2c45e1ff17"
          },
          "sensitive_attributes": [],
          "private": "bnVsbA=="
        }
      ]
    },
    {
      "mode": "managed",
      "type": "cloudflare_worker_route",
      "name": "terraform_managed_resource_b51c93e83df04d9cb29b6e6630e3b180",
      "provider": "provider[\"registry.terraform.io/cloudflare/cloudflare\"]",
      "instances": [
        {
          "schema_version": 0,
          "attributes": {
            "id": "0b55d8faba134ee58158083a7b17d1ce",
            "pattern": "https://video-transcripts.findlaw-cloud-dev.com/robots.txt",
            "script_name": "findlaw-default-dev",
            "zone_id": "b8b8985303e1be08c2fa2c2c45e1ff17"
          },
          "sensitive_attributes": [],
          "private": "bnVsbA=="
        }
      ]
    },
    {
      "mode": "managed",
      "type": "cloudflare_worker_route",
      "name": "terraform_managed_resource_cff25ace5ed34e508c9e7bc064e580f3",
      "provider": "provider[\"registry.terraform.io/cloudflare/cloudflare\"]",
      "instances": [
        {
          "schema_version": 0,
          "attributes": {
            "id": "ae7dc4e361374a8fb03230ac99a190ed",
            "pattern": "*pu.findlaw-cloud-dev.com/static/c/images/*",
            "script_name": "findlaw-default-dev",
            "zone_id": "b8b8985303e1be08c2fa2c2c45e1ff17"
          },
          "sensitive_attributes": [],
          "private": "bnVsbA=="
        }
      ]
    },
    {
      "mode": "managed",
      "type": "cloudflare_worker_route",
      "name": "terraform_managed_resource_dbd11f3c39274ce1bebfb6b5b503c098",
      "provider": "provider[\"registry.terraform.io/cloudflare/cloudflare\"]",
      "instances": [
        {
          "schema_version": 0,
          "attributes": {
            "id": "e146b385c30e43a091ee1d9281776b30",
            "pattern": "https://attorneys.findlaw-cloud-dev.com/call-tracking/*",
            "script_name": "findlaw-default-dev",
            "zone_id": "b8b8985303e1be08c2fa2c2c45e1ff17"
          },
          "sensitive_attributes": [],
          "private": "bnVsbA=="
        }
      ]
    },
    {
      "mode": "managed",
      "type": "cloudflare_worker_route",
      "name": "terraform_managed_resource_de595bc26531455d96a0180bb019a3f5",
      "provider": "provider[\"registry.terraform.io/cloudflare/cloudflare\"]",
      "instances": [
        {
          "schema_version": 0,
          "attributes": {
            "id": "b0df1de87de04b3cbf95a417fbf8a508",
            "pattern": "*reputationapi.findlaw-cloud-dev.com/*",
            "script_name": null,
            "zone_id": "b8b8985303e1be08c2fa2c2c45e1ff17"
          },
          "sensitive_attributes": [],
          "private": "bnVsbA=="
        }
      ]
    },
    {
      "mode": "managed",
      "type": "cloudflare_worker_route",
      "name": "terraform_managed_resource_e9dc3b43d9444167b8d2b01ac4d42e77",
      "provider": "provider[\"registry.terraform.io/cloudflare/cloudflare\"]",
      "instances": [
        {
          "schema_version": 0,
          "attributes": {
            "id": "a75f95233b0f4f248fd1eb9322251d41",
            "pattern": "https://attorneys.findlaw-cloud-dev.com/flt/*",
            "script_name": "findlaw-default-dev",
            "zone_id": "b8b8985303e1be08c2fa2c2c45e1ff17"
          },
          "sensitive_attributes": [],
          "private": "bnVsbA=="
        }
      ]
    },
    {
      "mode": "managed",
      "type": "cloudflare_worker_route",
      "name": "terraform_managed_resource_f7f91653535d4f48ad5a7fd4d2711795",
      "provider": "provider[\"registry.terraform.io/cloudflare/cloudflare\"]",
      "instances": [
        {
          "schema_version": 0,
          "attributes": {
            "id": "66eb82174e7941bf8a7418c7d0ca122e",
            "pattern": "https://files.findlaw-cloud-dev.com/fs-previews-200x200/*",
            "script_name": null,
            "zone_id": "b8b8985303e1be08c2fa2c2c45e1ff17"
          },
          "sensitive_attributes": [],
          "private": "bnVsbA=="
        }
      ]
    },
    {
      "mode": "managed",
      "type": "cloudflare_worker_route",
      "name": "terraform_managed_resource_f83732d448c343178f7528386d871f54",
      "provider": "provider[\"registry.terraform.io/cloudflare/cloudflare\"]",
      "instances": [
        {
          "schema_version": 0,
          "attributes": {
            "id": "c5627379decf44419d5f146d3cef5041",
            "pattern": "*.findlaw-cloud-dev.com/queue/*",
            "script_name": "findlaw-queues-dev",
            "zone_id": "b8b8985303e1be08c2fa2c2c45e1ff17"
          },
          "sensitive_attributes": [],
          "private": "bnVsbA=="
        }
      ]
    },
    {
      "mode": "managed",
      "type": "cloudflare_worker_route",
      "name": "terraform_managed_resource_fa3372d0bf9146eb8c75868f1b0243a0",
      "provider": "provider[\"registry.terraform.io/cloudflare/cloudflare\"]",
      "instances": [
        {
          "schema_version": 0,
          "attributes": {
            "id": "4348847b6048423297290ffc423f9b19",
            "pattern": "*.findlaw-cloud-dev.com/v1/geo-cache/*",
            "script_name": null,
            "zone_id": "b8b8985303e1be08c2fa2c2c45e1ff17"
          },
          "sensitive_attributes": [],
          "private": "bnVsbA=="
        }
      ]
    }
  ],
  "check_results": null
}
